// !$*UTF8*$!
{
	archiveVersion = 1;
	classes = {
	};
	objectVersion = 46;
	objects = {

/* Begin PBXBuildFile section */
		1F1E234917009AE600312AE3 /* ThirdViewController.m in Sources */ = {isa = PBXBuildFile; fileRef = 1F1E234817009AE600312AE3 /* ThirdViewController.m */; };
		1F1E234C1700A16D00312AE3 /* CustomUITabBarController.m in Sources */ = {isa = PBXBuildFile; fileRef = 1F1E234B1700A16D00312AE3 /* CustomUITabBarController.m */; };
		1F2878CE16FF478D00929E82 /* NSObject+SBJson.m in Sources */ = {isa = PBXBuildFile; fileRef = 1F2878B616FF478D00929E82 /* NSObject+SBJson.m */; };
		1F2878CF16FF478D00929E82 /* SBJsonParser.m in Sources */ = {isa = PBXBuildFile; fileRef = 1F2878B916FF478D00929E82 /* SBJsonParser.m */; };
		1F2878D016FF478D00929E82 /* SBJsonStreamParser.m in Sources */ = {isa = PBXBuildFile; fileRef = 1F2878BB16FF478D00929E82 /* SBJsonStreamParser.m */; };
		1F2878D116FF478D00929E82 /* SBJsonStreamParserAccumulator.m in Sources */ = {isa = PBXBuildFile; fileRef = 1F2878BD16FF478D00929E82 /* SBJsonStreamParserAccumulator.m */; };
		1F2878D216FF478D00929E82 /* SBJsonStreamParserAdapter.m in Sources */ = {isa = PBXBuildFile; fileRef = 1F2878BF16FF478D00929E82 /* SBJsonStreamParserAdapter.m */; };
		1F2878D316FF478D00929E82 /* SBJsonStreamParserState.m in Sources */ = {isa = PBXBuildFile; fileRef = 1F2878C116FF478D00929E82 /* SBJsonStreamParserState.m */; };
		1F2878D416FF478D00929E82 /* SBJsonStreamWriter.m in Sources */ = {isa = PBXBuildFile; fileRef = 1F2878C316FF478D00929E82 /* SBJsonStreamWriter.m */; };
		1F2878D516FF478D00929E82 /* SBJsonStreamWriterAccumulator.m in Sources */ = {isa = PBXBuildFile; fileRef = 1F2878C516FF478D00929E82 /* SBJsonStreamWriterAccumulator.m */; };
		1F2878D616FF478D00929E82 /* SBJsonStreamWriterState.m in Sources */ = {isa = PBXBuildFile; fileRef = 1F2878C716FF478D00929E82 /* SBJsonStreamWriterState.m */; };
		1F2878D716FF478D00929E82 /* SBJsonTokeniser.m in Sources */ = {isa = PBXBuildFile; fileRef = 1F2878C916FF478D00929E82 /* SBJsonTokeniser.m */; };
		1F2878D816FF478D00929E82 /* SBJsonUTF8Stream.m in Sources */ = {isa = PBXBuildFile; fileRef = 1F2878CB16FF478D00929E82 /* SBJsonUTF8Stream.m */; };
		1F2878D916FF478D00929E82 /* SBJsonWriter.m in Sources */ = {isa = PBXBuildFile; fileRef = 1F2878CD16FF478D00929E82 /* SBJsonWriter.m */; };
		1F4F9C0B17C34CDB00F3AF9C /* AdSupport.framework in Frameworks */ = {isa = PBXBuildFile; fileRef = 1F4F9C0A17C34CDB00F3AF9C /* AdSupport.framework */; };
		1F4F9C0D17C34D0F00F3AF9C /* AskingPoint.framework in Frameworks */ = {isa = PBXBuildFile; fileRef = 1F4F9C0C17C34D0F00F3AF9C /* AskingPoint.framework */; };
		1F6568191705E2950071930F /* spSingleEvent.m in Sources */ = {isa = PBXBuildFile; fileRef = 1F6568181705E2950071930F /* spSingleEvent.m */; };
		1F66CFAA170B1CD800E23FF7 /* BasicNavigationBar.m in Sources */ = {isa = PBXBuildFile; fileRef = 1F66CFA9170B1CD800E23FF7 /* BasicNavigationBar.m */; };
		1F7236B3171037DE00349A34 /* colaboratebold.ttf in Resources */ = {isa = PBXBuildFile; fileRef = 1F7236B0171037DE00349A34 /* colaboratebold.ttf */; };
		1F7236B4171037DE00349A34 /* colaboratelight.ttf in Resources */ = {isa = PBXBuildFile; fileRef = 1F7236B1171037DE00349A34 /* colaboratelight.ttf */; };
		1F7236B5171037DE00349A34 /* colaboratemedium.ttf in Resources */ = {isa = PBXBuildFile; fileRef = 1F7236B2171037DE00349A34 /* colaboratemedium.ttf */; };
		1F7236B81710395500349A34 /* colaborateregular.ttf in Resources */ = {isa = PBXBuildFile; fileRef = 1F7236B61710395500349A34 /* colaborateregular.ttf */; };
		1F7236B91710395500349A34 /* colaboratethin.ttf in Resources */ = {isa = PBXBuildFile; fileRef = 1F7236B71710395500349A34 /* colaboratethin.ttf */; };
		1F7236C81712A22600349A34 /* Reachability.m in Sources */ = {isa = PBXBuildFile; fileRef = 1F7236C71712A22500349A34 /* Reachability.m */; settings = {COMPILER_FLAGS = "-fno-objc-arc"; }; };
		1F7236CA1712B62300349A34 /* SystemConfiguration.framework in Frameworks */ = {isa = PBXBuildFile; fileRef = 1F7236C91712B62200349A34 /* SystemConfiguration.framework */; };
		1FA317CC1701EDD800E535DA /* DetailViewController.m in Sources */ = {isa = PBXBuildFile; fileRef = 1FA317CB1701EDD800E535DA /* DetailViewController.m */; };
		1FB32F43170D91FB00E6FEC6 /* WebLinkViewController.m in Sources */ = {isa = PBXBuildFile; fileRef = 1FB32F42170D91FB00E6FEC6 /* WebLinkViewController.m */; };
		1FB75732173AB99A006B8711 /* MainListCell.m in Sources */ = {isa = PBXBuildFile; fileRef = 1FB75731173AB99A006B8711 /* MainListCell.m */; };
		1FB75739173AE791006B8711 /* InfoScreenViewController.m in Sources */ = {isa = PBXBuildFile; fileRef = 1FB75738173AE791006B8711 /* InfoScreenViewController.m */; };
		1FDC3F7916FD2E8100465AA2 /* UIKit.framework in Frameworks */ = {isa = PBXBuildFile; fileRef = 1FDC3F7816FD2E8100465AA2 /* UIKit.framework */; };
		1FDC3F7B16FD2E8100465AA2 /* Foundation.framework in Frameworks */ = {isa = PBXBuildFile; fileRef = 1FDC3F7A16FD2E8100465AA2 /* Foundation.framework */; };
		1FDC3F7D16FD2E8100465AA2 /* CoreGraphics.framework in Frameworks */ = {isa = PBXBuildFile; fileRef = 1FDC3F7C16FD2E8100465AA2 /* CoreGraphics.framework */; };
		1FDC3F8316FD2E8100465AA2 /* InfoPlist.strings in Resources */ = {isa = PBXBuildFile; fileRef = 1FDC3F8116FD2E8100465AA2 /* InfoPlist.strings */; };
		1FDC3F8516FD2E8100465AA2 /* main.m in Sources */ = {isa = PBXBuildFile; fileRef = 1FDC3F8416FD2E8100465AA2 /* main.m */; };
		1FDC3F8916FD2E8100465AA2 /* AppDelegate.m in Sources */ = {isa = PBXBuildFile; fileRef = 1FDC3F8816FD2E8100465AA2 /* AppDelegate.m */; };
		1FDC3F9216FD2E8200465AA2 /* MainStoryboard.storyboard in Resources */ = {isa = PBXBuildFile; fileRef = 1FDC3F9016FD2E8200465AA2 /* MainStoryboard.storyboard */; };
		1FDC3F9516FD2E8200465AA2 /* FirstViewController.m in Sources */ = {isa = PBXBuildFile; fileRef = 1FDC3F9416FD2E8200465AA2 /* FirstViewController.m */; };
		1FDC3F9C16FD2E8200465AA2 /* SecondViewController.m in Sources */ = {isa = PBXBuildFile; fileRef = 1FDC3F9B16FD2E8200465AA2 /* SecondViewController.m */; };
		1FDC3FA816FD2ED600465AA2 /* eventSpot.m in Sources */ = {isa = PBXBuildFile; fileRef = 1FDC3FA616FD2ED600465AA2 /* eventSpot.m */; };
		1FDC3FD616FE220300465AA2 /* CoreLocation.framework in Frameworks */ = {isa = PBXBuildFile; fileRef = 1FDC3FD516FE220300465AA2 /* CoreLocation.framework */; };
		1FDC3FD816FE220900465AA2 /* MapKit.framework in Frameworks */ = {isa = PBXBuildFile; fileRef = 1FDC3FD716FE220900465AA2 /* MapKit.framework */; };
		1FECE74E17021B8C00B823A0 /* QuartzCore.framework in Frameworks */ = {isa = PBXBuildFile; fileRef = 1FECE74D17021B8C00B823A0 /* QuartzCore.framework */; };
		1FF9531717E042160049A51B /* Images.xcassets in Resources */ = {isa = PBXBuildFile; fileRef = 1FF9531617E042160049A51B /* Images.xcassets */; };
/* End PBXBuildFile section */

/* Begin PBXFileReference section */
		1F1E234717009AE600312AE3 /* ThirdViewController.h */ = {isa = PBXFileReference; fileEncoding = 4; lastKnownFileType = sourcecode.c.h; path = ThirdViewController.h; sourceTree = "<group>"; };
		1F1E234817009AE600312AE3 /* ThirdViewController.m */ = {isa = PBXFileReference; fileEncoding = 4; lastKnownFileType = sourcecode.c.objc; path = ThirdViewController.m; sourceTree = "<group>"; };
		1F1E234A1700A16D00312AE3 /* CustomUITabBarController.h */ = {isa = PBXFileReference; fileEncoding = 4; lastKnownFileType = sourcecode.c.h; path = CustomUITabBarController.h; sourceTree = "<group>"; };
		1F1E234B1700A16D00312AE3 /* CustomUITabBarController.m */ = {isa = PBXFileReference; fileEncoding = 4; lastKnownFileType = sourcecode.c.objc; path = CustomUITabBarController.m; sourceTree = "<group>"; };
		1F2878B516FF478D00929E82 /* NSObject+SBJson.h */ = {isa = PBXFileReference; fileEncoding = 4; lastKnownFileType = sourcecode.c.h; name = "NSObject+SBJson.h"; path = "SupportingFiles/SBJson/NSObject+SBJson.h"; sourceTree = "<group>"; };
		1F2878B616FF478D00929E82 /* NSObject+SBJson.m */ = {isa = PBXFileReference; fileEncoding = 4; lastKnownFileType = sourcecode.c.objc; name = "NSObject+SBJson.m"; path = "SupportingFiles/SBJson/NSObject+SBJson.m"; sourceTree = "<group>"; };
		1F2878B716FF478D00929E82 /* SBJson.h */ = {isa = PBXFileReference; fileEncoding = 4; lastKnownFileType = sourcecode.c.h; name = SBJson.h; path = SupportingFiles/SBJson/SBJson.h; sourceTree = "<group>"; };
		1F2878B816FF478D00929E82 /* SBJsonParser.h */ = {isa = PBXFileReference; fileEncoding = 4; lastKnownFileType = sourcecode.c.h; name = SBJsonParser.h; path = SupportingFiles/SBJson/SBJsonParser.h; sourceTree = "<group>"; };
		1F2878B916FF478D00929E82 /* SBJsonParser.m */ = {isa = PBXFileReference; fileEncoding = 4; lastKnownFileType = sourcecode.c.objc; name = SBJsonParser.m; path = SupportingFiles/SBJson/SBJsonParser.m; sourceTree = "<group>"; };
		1F2878BA16FF478D00929E82 /* SBJsonStreamParser.h */ = {isa = PBXFileReference; fileEncoding = 4; lastKnownFileType = sourcecode.c.h; name = SBJsonStreamParser.h; path = SupportingFiles/SBJson/SBJsonStreamParser.h; sourceTree = "<group>"; };
		1F2878BB16FF478D00929E82 /* SBJsonStreamParser.m */ = {isa = PBXFileReference; fileEncoding = 4; lastKnownFileType = sourcecode.c.objc; name = SBJsonStreamParser.m; path = SupportingFiles/SBJson/SBJsonStreamParser.m; sourceTree = "<group>"; };
		1F2878BC16FF478D00929E82 /* SBJsonStreamParserAccumulator.h */ = {isa = PBXFileReference; fileEncoding = 4; lastKnownFileType = sourcecode.c.h; name = SBJsonStreamParserAccumulator.h; path = SupportingFiles/SBJson/SBJsonStreamParserAccumulator.h; sourceTree = "<group>"; };
		1F2878BD16FF478D00929E82 /* SBJsonStreamParserAccumulator.m */ = {isa = PBXFileReference; fileEncoding = 4; lastKnownFileType = sourcecode.c.objc; name = SBJsonStreamParserAccumulator.m; path = SupportingFiles/SBJson/SBJsonStreamParserAccumulator.m; sourceTree = "<group>"; };
		1F2878BE16FF478D00929E82 /* SBJsonStreamParserAdapter.h */ = {isa = PBXFileReference; fileEncoding = 4; lastKnownFileType = sourcecode.c.h; name = SBJsonStreamParserAdapter.h; path = SupportingFiles/SBJson/SBJsonStreamParserAdapter.h; sourceTree = "<group>"; };
		1F2878BF16FF478D00929E82 /* SBJsonStreamParserAdapter.m */ = {isa = PBXFileReference; fileEncoding = 4; lastKnownFileType = sourcecode.c.objc; name = SBJsonStreamParserAdapter.m; path = SupportingFiles/SBJson/SBJsonStreamParserAdapter.m; sourceTree = "<group>"; };
		1F2878C016FF478D00929E82 /* SBJsonStreamParserState.h */ = {isa = PBXFileReference; fileEncoding = 4; lastKnownFileType = sourcecode.c.h; name = SBJsonStreamParserState.h; path = SupportingFiles/SBJson/SBJsonStreamParserState.h; sourceTree = "<group>"; };
		1F2878C116FF478D00929E82 /* SBJsonStreamParserState.m */ = {isa = PBXFileReference; fileEncoding = 4; lastKnownFileType = sourcecode.c.objc; name = SBJsonStreamParserState.m; path = SupportingFiles/SBJson/SBJsonStreamParserState.m; sourceTree = "<group>"; };
		1F2878C216FF478D00929E82 /* SBJsonStreamWriter.h */ = {isa = PBXFileReference; fileEncoding = 4; lastKnownFileType = sourcecode.c.h; name = SBJsonStreamWriter.h; path = SupportingFiles/SBJson/SBJsonStreamWriter.h; sourceTree = "<group>"; };
		1F2878C316FF478D00929E82 /* SBJsonStreamWriter.m */ = {isa = PBXFileReference; fileEncoding = 4; lastKnownFileType = sourcecode.c.objc; name = SBJsonStreamWriter.m; path = SupportingFiles/SBJson/SBJsonStreamWriter.m; sourceTree = "<group>"; };
		1F2878C416FF478D00929E82 /* SBJsonStreamWriterAccumulator.h */ = {isa = PBXFileReference; fileEncoding = 4; lastKnownFileType = sourcecode.c.h; name = SBJsonStreamWriterAccumulator.h; path = SupportingFiles/SBJson/SBJsonStreamWriterAccumulator.h; sourceTree = "<group>"; };
		1F2878C516FF478D00929E82 /* SBJsonStreamWriterAccumulator.m */ = {isa = PBXFileReference; fileEncoding = 4; lastKnownFileType = sourcecode.c.objc; name = SBJsonStreamWriterAccumulator.m; path = SupportingFiles/SBJson/SBJsonStreamWriterAccumulator.m; sourceTree = "<group>"; };
		1F2878C616FF478D00929E82 /* SBJsonStreamWriterState.h */ = {isa = PBXFileReference; fileEncoding = 4; lastKnownFileType = sourcecode.c.h; name = SBJsonStreamWriterState.h; path = SupportingFiles/SBJson/SBJsonStreamWriterState.h; sourceTree = "<group>"; };
		1F2878C716FF478D00929E82 /* SBJsonStreamWriterState.m */ = {isa = PBXFileReference; fileEncoding = 4; lastKnownFileType = sourcecode.c.objc; name = SBJsonStreamWriterState.m; path = SupportingFiles/SBJson/SBJsonStreamWriterState.m; sourceTree = "<group>"; };
		1F2878C816FF478D00929E82 /* SBJsonTokeniser.h */ = {isa = PBXFileReference; fileEncoding = 4; lastKnownFileType = sourcecode.c.h; name = SBJsonTokeniser.h; path = SupportingFiles/SBJson/SBJsonTokeniser.h; sourceTree = "<group>"; };
		1F2878C916FF478D00929E82 /* SBJsonTokeniser.m */ = {isa = PBXFileReference; fileEncoding = 4; lastKnownFileType = sourcecode.c.objc; name = SBJsonTokeniser.m; path = SupportingFiles/SBJson/SBJsonTokeniser.m; sourceTree = "<group>"; };
		1F2878CA16FF478D00929E82 /* SBJsonUTF8Stream.h */ = {isa = PBXFileReference; fileEncoding = 4; lastKnownFileType = sourcecode.c.h; name = SBJsonUTF8Stream.h; path = SupportingFiles/SBJson/SBJsonUTF8Stream.h; sourceTree = "<group>"; };
		1F2878CB16FF478D00929E82 /* SBJsonUTF8Stream.m */ = {isa = PBXFileReference; fileEncoding = 4; lastKnownFileType = sourcecode.c.objc; name = SBJsonUTF8Stream.m; path = SupportingFiles/SBJson/SBJsonUTF8Stream.m; sourceTree = "<group>"; };
		1F2878CC16FF478D00929E82 /* SBJsonWriter.h */ = {isa = PBXFileReference; fileEncoding = 4; lastKnownFileType = sourcecode.c.h; name = SBJsonWriter.h; path = SupportingFiles/SBJson/SBJsonWriter.h; sourceTree = "<group>"; };
		1F2878CD16FF478D00929E82 /* SBJsonWriter.m */ = {isa = PBXFileReference; fileEncoding = 4; lastKnownFileType = sourcecode.c.objc; name = SBJsonWriter.m; path = SupportingFiles/SBJson/SBJsonWriter.m; sourceTree = "<group>"; };
		1F4F9C0A17C34CDB00F3AF9C /* AdSupport.framework */ = {isa = PBXFileReference; lastKnownFileType = wrapper.framework; name = AdSupport.framework; path = System/Library/Frameworks/AdSupport.framework; sourceTree = SDKROOT; };
		1F4F9C0C17C34D0F00F3AF9C /* AskingPoint.framework */ = {isa = PBXFileReference; lastKnownFileType = wrapper.framework; path = AskingPoint.framework; sourceTree = "<group>"; };
		1F6568171705E2950071930F /* spSingleEvent.h */ = {isa = PBXFileReference; fileEncoding = 4; lastKnownFileType = sourcecode.c.h; path = spSingleEvent.h; sourceTree = "<group>"; };
		1F6568181705E2950071930F /* spSingleEvent.m */ = {isa = PBXFileReference; fileEncoding = 4; lastKnownFileType = sourcecode.c.objc; path = spSingleEvent.m; sourceTree = "<group>"; };
		1F66CFA8170B1CD800E23FF7 /* BasicNavigationBar.h */ = {isa = PBXFileReference; fileEncoding = 4; lastKnownFileType = sourcecode.c.h; path = BasicNavigationBar.h; sourceTree = "<group>"; };
		1F66CFA9170B1CD800E23FF7 /* BasicNavigationBar.m */ = {isa = PBXFileReference; fileEncoding = 4; lastKnownFileType = sourcecode.c.objc; path = BasicNavigationBar.m; sourceTree = "<group>"; };
		1F7236B0171037DE00349A34 /* colaboratebold.ttf */ = {isa = PBXFileReference; lastKnownFileType = file; name = colaboratebold.ttf; path = SupportingFiles/Fonts/colaboratebold.ttf; sourceTree = "<group>"; };
		1F7236B1171037DE00349A34 /* colaboratelight.ttf */ = {isa = PBXFileReference; lastKnownFileType = file; name = colaboratelight.ttf; path = SupportingFiles/Fonts/colaboratelight.ttf; sourceTree = "<group>"; };
		1F7236B2171037DE00349A34 /* colaboratemedium.ttf */ = {isa = PBXFileReference; lastKnownFileType = file; name = colaboratemedium.ttf; path = SupportingFiles/Fonts/colaboratemedium.ttf; sourceTree = "<group>"; };
		1F7236B61710395500349A34 /* colaborateregular.ttf */ = {isa = PBXFileReference; lastKnownFileType = file; name = colaborateregular.ttf; path = SupportingFiles/Fonts/colaborateregular.ttf; sourceTree = "<group>"; };
		1F7236B71710395500349A34 /* colaboratethin.ttf */ = {isa = PBXFileReference; lastKnownFileType = file; name = colaboratethin.ttf; path = SupportingFiles/Fonts/colaboratethin.ttf; sourceTree = "<group>"; };
		1F7236C61712A22500349A34 /* Reachability.h */ = {isa = PBXFileReference; fileEncoding = 4; lastKnownFileType = sourcecode.c.h; path = Reachability.h; sourceTree = "<group>"; };
		1F7236C71712A22500349A34 /* Reachability.m */ = {isa = PBXFileReference; fileEncoding = 4; lastKnownFileType = sourcecode.c.objc; path = Reachability.m; sourceTree = "<group>"; };
		1F7236C91712B62200349A34 /* SystemConfiguration.framework */ = {isa = PBXFileReference; lastKnownFileType = wrapper.framework; name = SystemConfiguration.framework; path = System/Library/Frameworks/SystemConfiguration.framework; sourceTree = SDKROOT; };
		1FA317CA1701EDD800E535DA /* DetailViewController.h */ = {isa = PBXFileReference; fileEncoding = 4; lastKnownFileType = sourcecode.c.h; path = DetailViewController.h; sourceTree = "<group>"; };
		1FA317CB1701EDD800E535DA /* DetailViewController.m */ = {isa = PBXFileReference; fileEncoding = 4; lastKnownFileType = sourcecode.c.objc; path = DetailViewController.m; sourceTree = "<group>"; };
		1FB32F41170D91FB00E6FEC6 /* WebLinkViewController.h */ = {isa = PBXFileReference; fileEncoding = 4; lastKnownFileType = sourcecode.c.h; path = WebLinkViewController.h; sourceTree = "<group>"; };
		1FB32F42170D91FB00E6FEC6 /* WebLinkViewController.m */ = {isa = PBXFileReference; fileEncoding = 4; lastKnownFileType = sourcecode.c.objc; path = WebLinkViewController.m; sourceTree = "<group>"; };
		1FB75730173AB99A006B8711 /* MainListCell.h */ = {isa = PBXFileReference; fileEncoding = 4; lastKnownFileType = sourcecode.c.h; path = MainListCell.h; sourceTree = "<group>"; };
		1FB75731173AB99A006B8711 /* MainListCell.m */ = {isa = PBXFileReference; fileEncoding = 4; lastKnownFileType = sourcecode.c.objc; path = MainListCell.m; sourceTree = "<group>"; };
		1FB75737173AE791006B8711 /* InfoScreenViewController.h */ = {isa = PBXFileReference; fileEncoding = 4; lastKnownFileType = sourcecode.c.h; path = InfoScreenViewController.h; sourceTree = "<group>"; };
		1FB75738173AE791006B8711 /* InfoScreenViewController.m */ = {isa = PBXFileReference; fileEncoding = 4; lastKnownFileType = sourcecode.c.objc; path = InfoScreenViewController.m; sourceTree = "<group>"; };
		1FDC3F7516FD2E8100465AA2 /* Siivouspaiva.app */ = {isa = PBXFileReference; explicitFileType = wrapper.application; includeInIndex = 0; path = Siivouspaiva.app; sourceTree = BUILT_PRODUCTS_DIR; };
		1FDC3F7816FD2E8100465AA2 /* UIKit.framework */ = {isa = PBXFileReference; lastKnownFileType = wrapper.framework; name = UIKit.framework; path = System/Library/Frameworks/UIKit.framework; sourceTree = SDKROOT; };
		1FDC3F7A16FD2E8100465AA2 /* Foundation.framework */ = {isa = PBXFileReference; lastKnownFileType = wrapper.framework; name = Foundation.framework; path = System/Library/Frameworks/Foundation.framework; sourceTree = SDKROOT; };
		1FDC3F7C16FD2E8100465AA2 /* CoreGraphics.framework */ = {isa = PBXFileReference; lastKnownFileType = wrapper.framework; name = CoreGraphics.framework; path = System/Library/Frameworks/CoreGraphics.framework; sourceTree = SDKROOT; };
		1FDC3F8016FD2E8100465AA2 /* Siivouspaiva-Info.plist */ = {isa = PBXFileReference; lastKnownFileType = text.plist.xml; path = "Siivouspaiva-Info.plist"; sourceTree = "<group>"; };
		1FDC3F8216FD2E8100465AA2 /* en */ = {isa = PBXFileReference; lastKnownFileType = text.plist.strings; name = en; path = en.lproj/InfoPlist.strings; sourceTree = "<group>"; };
		1FDC3F8416FD2E8100465AA2 /* main.m */ = {isa = PBXFileReference; lastKnownFileType = sourcecode.c.objc; path = main.m; sourceTree = "<group>"; };
		1FDC3F8616FD2E8100465AA2 /* Siivouspaiva-Prefix.pch */ = {isa = PBXFileReference; lastKnownFileType = sourcecode.c.h; path = "Siivouspaiva-Prefix.pch"; sourceTree = "<group>"; };
		1FDC3F8716FD2E8100465AA2 /* AppDelegate.h */ = {isa = PBXFileReference; lastKnownFileType = sourcecode.c.h; path = AppDelegate.h; sourceTree = "<group>"; };
		1FDC3F8816FD2E8100465AA2 /* AppDelegate.m */ = {isa = PBXFileReference; lastKnownFileType = sourcecode.c.objc; path = AppDelegate.m; sourceTree = "<group>"; };
		1FDC3F9116FD2E8200465AA2 /* en */ = {isa = PBXFileReference; lastKnownFileType = file.storyboard; name = en; path = en.lproj/MainStoryboard.storyboard; sourceTree = "<group>"; };
		1FDC3F9316FD2E8200465AA2 /* FirstViewController.h */ = {isa = PBXFileReference; lastKnownFileType = sourcecode.c.h; path = FirstViewController.h; sourceTree = "<group>"; };
		1FDC3F9416FD2E8200465AA2 /* FirstViewController.m */ = {isa = PBXFileReference; lastKnownFileType = sourcecode.c.objc; path = FirstViewController.m; sourceTree = "<group>"; };
		1FDC3F9A16FD2E8200465AA2 /* SecondViewController.h */ = {isa = PBXFileReference; lastKnownFileType = sourcecode.c.h; path = SecondViewController.h; sourceTree = "<group>"; };
		1FDC3F9B16FD2E8200465AA2 /* SecondViewController.m */ = {isa = PBXFileReference; lastKnownFileType = sourcecode.c.objc; path = SecondViewController.m; sourceTree = "<group>"; };
		1FDC3FA616FD2ED600465AA2 /* eventSpot.m */ = {isa = PBXFileReference; fileEncoding = 4; lastKnownFileType = sourcecode.c.objc; path = eventSpot.m; sourceTree = "<group>"; };
		1FDC3FA716FD2ED600465AA2 /* eventSpot.h */ = {isa = PBXFileReference; fileEncoding = 4; lastKnownFileType = sourcecode.c.h; path = eventSpot.h; sourceTree = "<group>"; };
		1FDC3FD516FE220300465AA2 /* CoreLocation.framework */ = {isa = PBXFileReference; lastKnownFileType = wrapper.framework; name = CoreLocation.framework; path = System/Library/Frameworks/CoreLocation.framework; sourceTree = SDKROOT; };
		1FDC3FD716FE220900465AA2 /* MapKit.framework */ = {isa = PBXFileReference; lastKnownFileType = wrapper.framework; name = MapKit.framework; path = System/Library/Frameworks/MapKit.framework; sourceTree = SDKROOT; };
		1FECE74D17021B8C00B823A0 /* QuartzCore.framework */ = {isa = PBXFileReference; lastKnownFileType = wrapper.framework; name = QuartzCore.framework; path = System/Library/Frameworks/QuartzCore.framework; sourceTree = SDKROOT; };
		1FF9531617E042160049A51B /* Images.xcassets */ = {isa = PBXFileReference; lastKnownFileType = folder.assetcatalog; path = Images.xcassets; sourceTree = "<group>"; };
/* End PBXFileReference section */

/* Begin PBXFrameworksBuildPhase section */
		1FDC3F7216FD2E8100465AA2 /* Frameworks */ = {
			isa = PBXFrameworksBuildPhase;
			buildActionMask = 2147483647;
			files = (
				1F4F9C0B17C34CDB00F3AF9C /* AdSupport.framework in Frameworks */,
				1F7236CA1712B62300349A34 /* SystemConfiguration.framework in Frameworks */,
				1FECE74E17021B8C00B823A0 /* QuartzCore.framework in Frameworks */,
				1FDC3FD816FE220900465AA2 /* MapKit.framework in Frameworks */,
				1FDC3FD616FE220300465AA2 /* CoreLocation.framework in Frameworks */,
				1FDC3F7916FD2E8100465AA2 /* UIKit.framework in Frameworks */,
				1FDC3F7B16FD2E8100465AA2 /* Foundation.framework in Frameworks */,
				1FDC3F7D16FD2E8100465AA2 /* CoreGraphics.framework in Frameworks */,
				1F4F9C0D17C34D0F00F3AF9C /* AskingPoint.framework in Frameworks */,
			);
			runOnlyForDeploymentPostprocessing = 0;
		};
/* End PBXFrameworksBuildPhase section */

/* Begin PBXGroup section */
		1F6568141705D6A30071930F /* Model */ = {
			isa = PBXGroup;
			children = (
				1FDC3FA616FD2ED600465AA2 /* eventSpot.m */,
				1FDC3FA716FD2ED600465AA2 /* eventSpot.h */,
				1F6568171705E2950071930F /* spSingleEvent.h */,
				1F6568181705E2950071930F /* spSingleEvent.m */,
			);
			name = Model;
			sourceTree = "<group>";
		};
		1F6568151705D6AB0071930F /* View */ = {
			isa = PBXGroup;
			children = (
				1F1E234A1700A16D00312AE3 /* CustomUITabBarController.h */,
				1F1E234B1700A16D00312AE3 /* CustomUITabBarController.m */,
				1F66CFA8170B1CD800E23FF7 /* BasicNavigationBar.h */,
				1F66CFA9170B1CD800E23FF7 /* BasicNavigationBar.m */,
				1FB75730173AB99A006B8711 /* MainListCell.h */,
				1FB75731173AB99A006B8711 /* MainListCell.m */,
			);
			name = View;
			sourceTree = "<group>";
		};
		1F6568161705D6B10071930F /* Controller */ = {
			isa = PBXGroup;
			children = (
				1FDC3F9316FD2E8200465AA2 /* FirstViewController.h */,
				1FDC3F9416FD2E8200465AA2 /* FirstViewController.m */,
				1FA317CA1701EDD800E535DA /* DetailViewController.h */,
				1FA317CB1701EDD800E535DA /* DetailViewController.m */,
				1FDC3F9A16FD2E8200465AA2 /* SecondViewController.h */,
				1FDC3F9B16FD2E8200465AA2 /* SecondViewController.m */,
				1F1E234717009AE600312AE3 /* ThirdViewController.h */,
				1F1E234817009AE600312AE3 /* ThirdViewController.m */,
				1FB32F41170D91FB00E6FEC6 /* WebLinkViewController.h */,
				1FB32F42170D91FB00E6FEC6 /* WebLinkViewController.m */,
				1FB75737173AE791006B8711 /* InfoScreenViewController.h */,
				1FB75738173AE791006B8711 /* InfoScreenViewController.m */,
			);
			name = Controller;
			sourceTree = "<group>";
		};
		1F72369B170F1AF000349A34 /* Fonts */ = {
			isa = PBXGroup;
			children = (
				1F7236B0171037DE00349A34 /* colaboratebold.ttf */,
				1F7236B1171037DE00349A34 /* colaboratelight.ttf */,
				1F7236B2171037DE00349A34 /* colaboratemedium.ttf */,
				1F7236B61710395500349A34 /* colaborateregular.ttf */,
				1F7236B71710395500349A34 /* colaboratethin.ttf */,
			);
			name = Fonts;
			sourceTree = "<group>";
		};
		1FDC3F6C16FD2E8100465AA2 = {
			isa = PBXGroup;
			children = (
				1FDC3F7E16FD2E8100465AA2 /* Siivouspaiva */,
				1FDC3F7716FD2E8100465AA2 /* Frameworks */,
				1FDC3F7616FD2E8100465AA2 /* Products */,
			);
			sourceTree = "<group>";
		};
		1FDC3F7616FD2E8100465AA2 /* Products */ = {
			isa = PBXGroup;
			children = (
				1FDC3F7516FD2E8100465AA2 /* Siivouspaiva.app */,
			);
			name = Products;
			sourceTree = "<group>";
		};
		1FDC3F7716FD2E8100465AA2 /* Frameworks */ = {
			isa = PBXGroup;
			children = (
				1F4F9C0A17C34CDB00F3AF9C /* AdSupport.framework */,
				1F4F9C0C17C34D0F00F3AF9C /* AskingPoint.framework */,
				1F7236C91712B62200349A34 /* SystemConfiguration.framework */,
				1FECE74D17021B8C00B823A0 /* QuartzCore.framework */,
				1FDC3FD716FE220900465AA2 /* MapKit.framework */,
				1FDC3FD516FE220300465AA2 /* CoreLocation.framework */,
				1FDC3F7816FD2E8100465AA2 /* UIKit.framework */,
				1FDC3F7A16FD2E8100465AA2 /* Foundation.framework */,
				1FDC3F7C16FD2E8100465AA2 /* CoreGraphics.framework */,
			);
			name = Frameworks;
			sourceTree = "<group>";
		};
		1FDC3F7E16FD2E8100465AA2 /* Siivouspaiva */ = {
			isa = PBXGroup;
			children = (
				1FDC3F8716FD2E8100465AA2 /* AppDelegate.h */,
				1FDC3F8816FD2E8100465AA2 /* AppDelegate.m */,
				1F6568161705D6B10071930F /* Controller */,
				1FDC3F9016FD2E8200465AA2 /* MainStoryboard.storyboard */,
				1F6568141705D6A30071930F /* Model */,
				1FDC3F7F16FD2E8100465AA2 /* Supporting Files */,
				1F6568151705D6AB0071930F /* View */,
				1FF9531617E042160049A51B /* Images.xcassets */,
			);
			path = Siivouspaiva;
			sourceTree = "<group>";
		};
		1FDC3F7F16FD2E8100465AA2 /* Supporting Files */ = {
			isa = PBXGroup;
			children = (
				1F7236C61712A22500349A34 /* Reachability.h */,
				1F7236C71712A22500349A34 /* Reachability.m */,
				1F72369B170F1AF000349A34 /* Fonts */,
				1FDC3FA916FD2EFF00465AA2 /* SBJson */,
				1FDC3F8016FD2E8100465AA2 /* Siivouspaiva-Info.plist */,
				1FDC3F8116FD2E8100465AA2 /* InfoPlist.strings */,
				1FDC3F8416FD2E8100465AA2 /* main.m */,
				1FDC3F8616FD2E8100465AA2 /* Siivouspaiva-Prefix.pch */,
			);
			name = "Supporting Files";
			sourceTree = "<group>";
		};
		1FDC3FA916FD2EFF00465AA2 /* SBJson */ = {
			isa = PBXGroup;
			children = (
				1F2878B516FF478D00929E82 /* NSObject+SBJson.h */,
				1F2878B616FF478D00929E82 /* NSObject+SBJson.m */,
				1F2878B716FF478D00929E82 /* SBJson.h */,
				1F2878B816FF478D00929E82 /* SBJsonParser.h */,
				1F2878B916FF478D00929E82 /* SBJsonParser.m */,
				1F2878BA16FF478D00929E82 /* SBJsonStreamParser.h */,
				1F2878BB16FF478D00929E82 /* SBJsonStreamParser.m */,
				1F2878BC16FF478D00929E82 /* SBJsonStreamParserAccumulator.h */,
				1F2878BD16FF478D00929E82 /* SBJsonStreamParserAccumulator.m */,
				1F2878BE16FF478D00929E82 /* SBJsonStreamParserAdapter.h */,
				1F2878BF16FF478D00929E82 /* SBJsonStreamParserAdapter.m */,
				1F2878C016FF478D00929E82 /* SBJsonStreamParserState.h */,
				1F2878C116FF478D00929E82 /* SBJsonStreamParserState.m */,
				1F2878C216FF478D00929E82 /* SBJsonStreamWriter.h */,
				1F2878C316FF478D00929E82 /* SBJsonStreamWriter.m */,
				1F2878C416FF478D00929E82 /* SBJsonStreamWriterAccumulator.h */,
				1F2878C516FF478D00929E82 /* SBJsonStreamWriterAccumulator.m */,
				1F2878C616FF478D00929E82 /* SBJsonStreamWriterState.h */,
				1F2878C716FF478D00929E82 /* SBJsonStreamWriterState.m */,
				1F2878C816FF478D00929E82 /* SBJsonTokeniser.h */,
				1F2878C916FF478D00929E82 /* SBJsonTokeniser.m */,
				1F2878CA16FF478D00929E82 /* SBJsonUTF8Stream.h */,
				1F2878CB16FF478D00929E82 /* SBJsonUTF8Stream.m */,
				1F2878CC16FF478D00929E82 /* SBJsonWriter.h */,
				1F2878CD16FF478D00929E82 /* SBJsonWriter.m */,
			);
			name = SBJson;
			sourceTree = "<group>";
		};
/* End PBXGroup section */

/* Begin PBXNativeTarget section */
		1FDC3F7416FD2E8100465AA2 /* Siivouspaiva */ = {
			isa = PBXNativeTarget;
			buildConfigurationList = 1FDC3FA316FD2E8200465AA2 /* Build configuration list for PBXNativeTarget "Siivouspaiva" */;
			buildPhases = (
				1FDC3F7116FD2E8100465AA2 /* Sources */,
				1FDC3F7216FD2E8100465AA2 /* Frameworks */,
				1FDC3F7316FD2E8100465AA2 /* Resources */,
			);
			buildRules = (
			);
			dependencies = (
			);
			name = Siivouspaiva;
			productName = Siivouspaiva;
			productReference = 1FDC3F7516FD2E8100465AA2 /* Siivouspaiva.app */;
			productType = "com.apple.product-type.application";
		};
/* End PBXNativeTarget section */

/* Begin PBXProject section */
		1FDC3F6D16FD2E8100465AA2 /* Project object */ = {
			isa = PBXProject;
			attributes = {
				LastUpgradeCheck = 0460;
				ORGANIZATIONNAME = Fabian;
				TargetAttributes = {
					1FDC3F7416FD2E8100465AA2 = {
						DevelopmentTeam = 253UBMFA3G;
					};
				};
			};
			buildConfigurationList = 1FDC3F7016FD2E8100465AA2 /* Build configuration list for PBXProject "Siivouspaiva" */;
			compatibilityVersion = "Xcode 3.2";
			developmentRegion = English;
			hasScannedForEncodings = 0;
			knownRegions = (
				en,
				fi,
			);
			mainGroup = 1FDC3F6C16FD2E8100465AA2;
			productRefGroup = 1FDC3F7616FD2E8100465AA2 /* Products */;
			projectDirPath = "";
			projectRoot = "";
			targets = (
				1FDC3F7416FD2E8100465AA2 /* Siivouspaiva */,
			);
		};
/* End PBXProject section */

/* Begin PBXResourcesBuildPhase section */
		1FDC3F7316FD2E8100465AA2 /* Resources */ = {
			isa = PBXResourcesBuildPhase;
			buildActionMask = 2147483647;
			files = (
				1FDC3F8316FD2E8100465AA2 /* InfoPlist.strings in Resources */,
				1FDC3F9216FD2E8200465AA2 /* MainStoryboard.storyboard in Resources */,
				1F7236B3171037DE00349A34 /* colaboratebold.ttf in Resources */,
				1F7236B4171037DE00349A34 /* colaboratelight.ttf in Resources */,
				1F7236B5171037DE00349A34 /* colaboratemedium.ttf in Resources */,
				1F7236B81710395500349A34 /* colaborateregular.ttf in Resources */,
				1F7236B91710395500349A34 /* colaboratethin.ttf in Resources */,
				1FF9531717E042160049A51B /* Images.xcassets in Resources */,
			);
			runOnlyForDeploymentPostprocessing = 0;
		};
/* End PBXResourcesBuildPhase section */

/* Begin PBXSourcesBuildPhase section */
		1FDC3F7116FD2E8100465AA2 /* Sources */ = {
			isa = PBXSourcesBuildPhase;
			buildActionMask = 2147483647;
			files = (
				1FDC3F8516FD2E8100465AA2 /* main.m in Sources */,
				1FDC3F8916FD2E8100465AA2 /* AppDelegate.m in Sources */,
				1FDC3F9516FD2E8200465AA2 /* FirstViewController.m in Sources */,
				1FDC3F9C16FD2E8200465AA2 /* SecondViewController.m in Sources */,
				1FDC3FA816FD2ED600465AA2 /* eventSpot.m in Sources */,
				1F2878CE16FF478D00929E82 /* NSObject+SBJson.m in Sources */,
				1F2878CF16FF478D00929E82 /* SBJsonParser.m in Sources */,
				1F2878D016FF478D00929E82 /* SBJsonStreamParser.m in Sources */,
				1F2878D116FF478D00929E82 /* SBJsonStreamParserAccumulator.m in Sources */,
				1F2878D216FF478D00929E82 /* SBJsonStreamParserAdapter.m in Sources */,
				1F2878D316FF478D00929E82 /* SBJsonStreamParserState.m in Sources */,
				1F2878D416FF478D00929E82 /* SBJsonStreamWriter.m in Sources */,
				1F2878D516FF478D00929E82 /* SBJsonStreamWriterAccumulator.m in Sources */,
				1F2878D616FF478D00929E82 /* SBJsonStreamWriterState.m in Sources */,
				1F2878D716FF478D00929E82 /* SBJsonTokeniser.m in Sources */,
				1F2878D816FF478D00929E82 /* SBJsonUTF8Stream.m in Sources */,
				1F2878D916FF478D00929E82 /* SBJsonWriter.m in Sources */,
				1F1E234917009AE600312AE3 /* ThirdViewController.m in Sources */,
				1F1E234C1700A16D00312AE3 /* CustomUITabBarController.m in Sources */,
				1FA317CC1701EDD800E535DA /* DetailViewController.m in Sources */,
				1F6568191705E2950071930F /* spSingleEvent.m in Sources */,
				1F66CFAA170B1CD800E23FF7 /* BasicNavigationBar.m in Sources */,
				1FB32F43170D91FB00E6FEC6 /* WebLinkViewController.m in Sources */,
				1F7236C81712A22600349A34 /* Reachability.m in Sources */,
				1FB75732173AB99A006B8711 /* MainListCell.m in Sources */,
				1FB75739173AE791006B8711 /* InfoScreenViewController.m in Sources */,
			);
			runOnlyForDeploymentPostprocessing = 0;
		};
/* End PBXSourcesBuildPhase section */

/* Begin PBXVariantGroup section */
		1FDC3F8116FD2E8100465AA2 /* InfoPlist.strings */ = {
			isa = PBXVariantGroup;
			children = (
				1FDC3F8216FD2E8100465AA2 /* en */,
			);
			name = InfoPlist.strings;
			sourceTree = "<group>";
		};
		1FDC3F9016FD2E8200465AA2 /* MainStoryboard.storyboard */ = {
			isa = PBXVariantGroup;
			children = (
				1FDC3F9116FD2E8200465AA2 /* en */,
			);
			name = MainStoryboard.storyboard;
			sourceTree = "<group>";
		};
/* End PBXVariantGroup section */

/* Begin XCBuildConfiguration section */
		1FDC3FA116FD2E8200465AA2 /* Debug */ = {
			isa = XCBuildConfiguration;
			buildSettings = {
				ALWAYS_SEARCH_USER_PATHS = NO;
				CLANG_CXX_LANGUAGE_STANDARD = "gnu++0x";
				CLANG_CXX_LIBRARY = "libc++";
				CLANG_ENABLE_OBJC_ARC = YES;
				CLANG_WARN_CONSTANT_CONVERSION = YES;
				CLANG_WARN_EMPTY_BODY = YES;
				CLANG_WARN_ENUM_CONVERSION = YES;
				CLANG_WARN_INT_CONVERSION = YES;
				CLANG_WARN__DUPLICATE_METHOD_MATCH = YES;
				"CODE_SIGN_IDENTITY[sdk=iphoneos*]" = "iPhone Developer";
				COPY_PHASE_STRIP = NO;
				GCC_C_LANGUAGE_STANDARD = gnu99;
				GCC_DYNAMIC_NO_PIC = NO;
				GCC_OPTIMIZATION_LEVEL = 0;
				GCC_PREPROCESSOR_DEFINITIONS = (
					"DEBUG=1",
					"$(inherited)",
				);
				GCC_SYMBOLS_PRIVATE_EXTERN = NO;
				GCC_WARN_ABOUT_RETURN_TYPE = YES;
				GCC_WARN_UNINITIALIZED_AUTOS = YES;
				GCC_WARN_UNUSED_VARIABLE = YES;
				IPHONEOS_DEPLOYMENT_TARGET = 6.1;
				ONLY_ACTIVE_ARCH = YES;
				SDKROOT = iphoneos;
			};
			name = Debug;
		};
		1FDC3FA216FD2E8200465AA2 /* Release */ = {
			isa = XCBuildConfiguration;
			buildSettings = {
				ALWAYS_SEARCH_USER_PATHS = NO;
				CLANG_CXX_LANGUAGE_STANDARD = "gnu++0x";
				CLANG_CXX_LIBRARY = "libc++";
				CLANG_ENABLE_OBJC_ARC = YES;
				CLANG_WARN_CONSTANT_CONVERSION = YES;
				CLANG_WARN_EMPTY_BODY = YES;
				CLANG_WARN_ENUM_CONVERSION = YES;
				CLANG_WARN_INT_CONVERSION = YES;
				CLANG_WARN__DUPLICATE_METHOD_MATCH = YES;
				"CODE_SIGN_IDENTITY[sdk=iphoneos*]" = "iPhone Distribution";
				COPY_PHASE_STRIP = YES;
				GCC_C_LANGUAGE_STANDARD = gnu99;
				GCC_WARN_ABOUT_RETURN_TYPE = YES;
				GCC_WARN_UNINITIALIZED_AUTOS = YES;
				GCC_WARN_UNUSED_VARIABLE = YES;
				IPHONEOS_DEPLOYMENT_TARGET = 6.1;
				OTHER_CFLAGS = "-DNS_BLOCK_ASSERTIONS=1";
				"PROVISIONING_PROFILE[sdk=iphoneos*]" = "";
				SDKROOT = iphoneos;
				VALIDATE_PRODUCT = YES;
			};
			name = Release;
		};
		1FDC3FA416FD2E8200465AA2 /* Debug */ = {
			isa = XCBuildConfiguration;
			buildSettings = {
				ARCHS = "$(ARCHS_STANDARD_INCLUDING_64_BIT)";
				ASSETCATALOG_COMPILER_APPICON_NAME = AppIcon;
				ASSETCATALOG_COMPILER_LAUNCHIMAGE_NAME = LaunchImage;
				CODE_SIGN_IDENTITY = "iPhone Developer";
				FRAMEWORK_SEARCH_PATHS = (
					"$(inherited)",
					"\"$(SRCROOT)\"",
				);
				GCC_PRECOMPILE_PREFIX_HEADER = YES;
				GCC_PREFIX_HEADER = "Siivouspaiva/Siivouspaiva-Prefix.pch";
				INFOPLIST_FILE = "Siivouspaiva/Siivouspaiva-Info.plist";
				IPHONEOS_DEPLOYMENT_TARGET = 6.0;
				PRODUCT_NAME = "$(TARGET_NAME)";
				PROVISIONING_PROFILE = "";
				WRAPPER_EXTENSION = app;
			};
			name = Debug;
		};
		1FDC3FA516FD2E8200465AA2 /* Release */ = {
			isa = XCBuildConfiguration;
			buildSettings = {
				ARCHS = "$(ARCHS_STANDARD_INCLUDING_64_BIT)";
				ASSETCATALOG_COMPILER_APPICON_NAME = AppIcon;
				ASSETCATALOG_COMPILER_LAUNCHIMAGE_NAME = LaunchImage;
				CODE_SIGN_IDENTITY = "iPhone Developer";
				"CODE_SIGN_IDENTITY[sdk=iphoneos*]" = "iPhone Distribution";
				FRAMEWORK_SEARCH_PATHS = (
					"$(inherited)",
					"\"$(SRCROOT)\"",
				);
				GCC_PRECOMPILE_PREFIX_HEADER = YES;
				GCC_PREFIX_HEADER = "Siivouspaiva/Siivouspaiva-Prefix.pch";
				INFOPLIST_FILE = "Siivouspaiva/Siivouspaiva-Info.plist";
				IPHONEOS_DEPLOYMENT_TARGET = 6.0;
				PRODUCT_NAME = "$(TARGET_NAME)";
				PROVISIONING_PROFILE = "";
				"PROVISIONING_PROFILE[sdk=iphoneos*]" = "";
				WRAPPER_EXTENSION = app;
			};
			name = Release;
		};
/* End XCBuildConfiguration section */

/* Begin XCConfigurationList section */
		1FDC3F7016FD2E8100465AA2 /* Build configuration list for PBXProject "Siivouspaiva" */ = {
			isa = XCConfigurationList;
			buildConfigurations = (
				1FDC3FA116FD2E8200465AA2 /* Debug */,
				1FDC3FA216FD2E8200465AA2 /* Release */,
			);
			defaultConfigurationIsVisible = 0;
			defaultConfigurationName = Release;
		};
		1FDC3FA316FD2E8200465AA2 /* Build configuration list for PBXNativeTarget "Siivouspaiva" */ = {
			isa = XCConfigurationList;
			buildConfigurations = (
				1FDC3FA416FD2E8200465AA2 /* Debug */,
				1FDC3FA516FD2E8200465AA2 /* Release */,
			);
			defaultConfigurationIsVisible = 0;
			defaultConfigurationName = Release;
		};
/* End XCConfigurationList section */
	};
	rootObject = 1FDC3F6D16FD2E8100465AA2 /* Project object */;
}
