// !$*UTF8*$!
{
	archiveVersion = 1;
	classes = {
	};
	objectVersion = 46;
	objects = {

/* Begin PBXBuildFile section */
		1F1E233C17007F1D00312AE3 /* user-location.png in Resources */ = {isa = PBXBuildFile; fileRef = 1F1E233A17007F1D00312AE3 /* user-location.png */; };
		1F1E233D17007F1D00312AE3 /* user-location@2x.png in Resources */ = {isa = PBXBuildFile; fileRef = 1F1E233B17007F1D00312AE3 /* user-location@2x.png */; };
		1F1E234917009AE600312AE3 /* ThirdViewController.m in Sources */ = {isa = PBXBuildFile; fileRef = 1F1E234817009AE600312AE3 /* ThirdViewController.m */; };
		1F1E234C1700A16D00312AE3 /* CustomUITabBarController.m in Sources */ = {isa = PBXBuildFile; fileRef = 1F1E234B1700A16D00312AE3 /* CustomUITabBarController.m */; };
		1F2878CE16FF478D00929E82 /* NSObject+SBJson.m in Sources */ = {isa = PBXBuildFile; fileRef = 1F2878B616FF478D00929E82 /* NSObject+SBJson.m */; };
		1F2878CF16FF478D00929E82 /* SBJsonParser.m in Sources */ = {isa = PBXBuildFile; fileRef = 1F2878B916FF478D00929E82 /* SBJsonParser.m */; };
		1F2878D016FF478D00929E82 /* SBJsonStreamParser.m in Sources */ = {isa = PBXBuildFile; fileRef = 1F2878BB16FF478D00929E82 /* SBJsonStreamParser.m */; };
		1F2878D116FF478D00929E82 /* SBJsonStreamParserAccumulator.m in Sources */ = {isa = PBXBuildFile; fileRef = 1F2878BD16FF478D00929E82 /* SBJsonStreamParserAccumulator.m */; };
		1F2878D216FF478D00929E82 /* SBJsonStreamParserAdapter.m in Sources */ = {isa = PBXBuildFile; fileRef = 1F2878BF16FF478D00929E82 /* SBJsonStreamParserAdapter.m */; };
		1F2878D316FF478D00929E82 /* SBJsonStreamParserState.m in Sources */ = {isa = PBXBuildFile; fileRef = 1F2878C116FF478D00929E82 /* SBJsonStreamParserState.m */; };
		1F2878D416FF478D00929E82 /* SBJsonStreamWriter.m in Sources */ = {isa = PBXBuildFile; fileRef = 1F2878C316FF478D00929E82 /* SBJsonStreamWriter.m */; };
		1F2878D516FF478D00929E82 /* SBJsonStreamWriterAccumulator.m in Sources */ = {isa = PBXBuildFile; fileRef = 1F2878C516FF478D00929E82 /* SBJsonStreamWriterAccumulator.m */; };
		1F2878D616FF478D00929E82 /* SBJsonStreamWriterState.m in Sources */ = {isa = PBXBuildFile; fileRef = 1F2878C716FF478D00929E82 /* SBJsonStreamWriterState.m */; };
		1F2878D716FF478D00929E82 /* SBJsonTokeniser.m in Sources */ = {isa = PBXBuildFile; fileRef = 1F2878C916FF478D00929E82 /* SBJsonTokeniser.m */; };
		1F2878D816FF478D00929E82 /* SBJsonUTF8Stream.m in Sources */ = {isa = PBXBuildFile; fileRef = 1F2878CB16FF478D00929E82 /* SBJsonUTF8Stream.m */; };
		1F2878D916FF478D00929E82 /* SBJsonWriter.m in Sources */ = {isa = PBXBuildFile; fileRef = 1F2878CD16FF478D00929E82 /* SBJsonWriter.m */; };
		1F5677D81700C0A000180A39 /* navigation-controller.png in Resources */ = {isa = PBXBuildFile; fileRef = 1F5677D61700C0A000180A39 /* navigation-controller.png */; };
		1F5677D91700C0A000180A39 /* navigation-controller@2x.png in Resources */ = {isa = PBXBuildFile; fileRef = 1F5677D71700C0A000180A39 /* navigation-controller@2x.png */; };
		1F5677DB1700C26D00180A39 /* empty.png in Resources */ = {isa = PBXBuildFile; fileRef = 1F5677DA1700C26D00180A39 /* empty.png */; };
		1F5677FA1700CE0800180A39 /* tabicon-info.png in Resources */ = {isa = PBXBuildFile; fileRef = 1F5677EC1700CE0800180A39 /* tabicon-info.png */; };
		1F5677FB1700CE0800180A39 /* tabicon-info@2x.png in Resources */ = {isa = PBXBuildFile; fileRef = 1F5677ED1700CE0800180A39 /* tabicon-info@2x.png */; };
		1F5677FC1700CE0800180A39 /* tabicon-list-active.png in Resources */ = {isa = PBXBuildFile; fileRef = 1F5677EE1700CE0800180A39 /* tabicon-list-active.png */; };
		1F5677FD1700CE0800180A39 /* tabicon-list-active@2x.png in Resources */ = {isa = PBXBuildFile; fileRef = 1F5677EF1700CE0800180A39 /* tabicon-list-active@2x.png */; };
		1F5677FE1700CE0800180A39 /* tabicon-list.png in Resources */ = {isa = PBXBuildFile; fileRef = 1F5677F01700CE0800180A39 /* tabicon-list.png */; };
		1F5677FF1700CE0800180A39 /* tabicon-list@2x.png in Resources */ = {isa = PBXBuildFile; fileRef = 1F5677F11700CE0800180A39 /* tabicon-list@2x.png */; };
		1F5678001700CE0800180A39 /* tabicon-map-active.png in Resources */ = {isa = PBXBuildFile; fileRef = 1F5677F21700CE0800180A39 /* tabicon-map-active.png */; };
		1F5678011700CE0800180A39 /* tabicon-map-active@2x.png in Resources */ = {isa = PBXBuildFile; fileRef = 1F5677F31700CE0800180A39 /* tabicon-map-active@2x.png */; };
		1F5678021700CE0800180A39 /* tabicon-map.png in Resources */ = {isa = PBXBuildFile; fileRef = 1F5677F41700CE0800180A39 /* tabicon-map.png */; };
		1F5678031700CE0800180A39 /* tabicon-map@2x.png in Resources */ = {isa = PBXBuildFile; fileRef = 1F5677F51700CE0800180A39 /* tabicon-map@2x.png */; };
		1F5678041700CE0800180A39 /* tabicon-star-active.png in Resources */ = {isa = PBXBuildFile; fileRef = 1F5677F61700CE0800180A39 /* tabicon-star-active.png */; };
		1F5678051700CE0800180A39 /* tabicon-star-active@2x.png in Resources */ = {isa = PBXBuildFile; fileRef = 1F5677F71700CE0800180A39 /* tabicon-star-active@2x.png */; };
		1F5678061700CE0800180A39 /* tabicon-star.png in Resources */ = {isa = PBXBuildFile; fileRef = 1F5677F81700CE0800180A39 /* tabicon-star.png */; };
		1F5678071700CE0800180A39 /* tabicon-star@2x.png in Resources */ = {isa = PBXBuildFile; fileRef = 1F5677F91700CE0800180A39 /* tabicon-star@2x.png */; };
		1F56780A1700CED200180A39 /* tabicon-info-active.png in Resources */ = {isa = PBXBuildFile; fileRef = 1F5678081700CED200180A39 /* tabicon-info-active.png */; };
		1F56780B1700CED200180A39 /* tabicon-info-active@2x.png in Resources */ = {isa = PBXBuildFile; fileRef = 1F5678091700CED200180A39 /* tabicon-info-active@2x.png */; };
		1F56780E1700D56200180A39 /* map-marker.png in Resources */ = {isa = PBXBuildFile; fileRef = 1F56780C1700D56200180A39 /* map-marker.png */; };
		1F56780F1700D56200180A39 /* map-marker@2x.png in Resources */ = {isa = PBXBuildFile; fileRef = 1F56780D1700D56200180A39 /* map-marker@2x.png */; };
		1F5678141700DAE200180A39 /* locate.png in Resources */ = {isa = PBXBuildFile; fileRef = 1F5678101700DAE200180A39 /* locate.png */; };
		1F5678151700DAE200180A39 /* locate@2x.png in Resources */ = {isa = PBXBuildFile; fileRef = 1F5678111700DAE200180A39 /* locate@2x.png */; };
		1F5678161700DAE200180A39 /* reload.png in Resources */ = {isa = PBXBuildFile; fileRef = 1F5678121700DAE200180A39 /* reload.png */; };
		1F5678171700DAE200180A39 /* reload@2x.png in Resources */ = {isa = PBXBuildFile; fileRef = 1F5678131700DAE200180A39 /* reload@2x.png */; };
		1F56781A1700E05F00180A39 /* siivouspaiva-logo.png in Resources */ = {isa = PBXBuildFile; fileRef = 1F5678181700E05F00180A39 /* siivouspaiva-logo.png */; };
		1F56781B1700E05F00180A39 /* siivouspaiva-logo@2x.png in Resources */ = {isa = PBXBuildFile; fileRef = 1F5678191700E05F00180A39 /* siivouspaiva-logo@2x.png */; };
		1FB3CC5716FE48170020026A /* Default-568h@2x.png in Resources */ = {isa = PBXBuildFile; fileRef = 1FB3CC5416FE48170020026A /* Default-568h@2x.png */; };
		1FB3CC5816FE48170020026A /* Default.png in Resources */ = {isa = PBXBuildFile; fileRef = 1FB3CC5516FE48170020026A /* Default.png */; };
		1FB3CC5916FE48170020026A /* Default@2x.png in Resources */ = {isa = PBXBuildFile; fileRef = 1FB3CC5616FE48170020026A /* Default@2x.png */; };
		1FDC3F7916FD2E8100465AA2 /* UIKit.framework in Frameworks */ = {isa = PBXBuildFile; fileRef = 1FDC3F7816FD2E8100465AA2 /* UIKit.framework */; };
		1FDC3F7B16FD2E8100465AA2 /* Foundation.framework in Frameworks */ = {isa = PBXBuildFile; fileRef = 1FDC3F7A16FD2E8100465AA2 /* Foundation.framework */; };
		1FDC3F7D16FD2E8100465AA2 /* CoreGraphics.framework in Frameworks */ = {isa = PBXBuildFile; fileRef = 1FDC3F7C16FD2E8100465AA2 /* CoreGraphics.framework */; };
		1FDC3F8316FD2E8100465AA2 /* InfoPlist.strings in Resources */ = {isa = PBXBuildFile; fileRef = 1FDC3F8116FD2E8100465AA2 /* InfoPlist.strings */; };
		1FDC3F8516FD2E8100465AA2 /* main.m in Sources */ = {isa = PBXBuildFile; fileRef = 1FDC3F8416FD2E8100465AA2 /* main.m */; };
		1FDC3F8916FD2E8100465AA2 /* AppDelegate.m in Sources */ = {isa = PBXBuildFile; fileRef = 1FDC3F8816FD2E8100465AA2 /* AppDelegate.m */; };
		1FDC3F9216FD2E8200465AA2 /* MainStoryboard.storyboard in Resources */ = {isa = PBXBuildFile; fileRef = 1FDC3F9016FD2E8200465AA2 /* MainStoryboard.storyboard */; };
		1FDC3F9516FD2E8200465AA2 /* FirstViewController.m in Sources */ = {isa = PBXBuildFile; fileRef = 1FDC3F9416FD2E8200465AA2 /* FirstViewController.m */; };
		1FDC3F9C16FD2E8200465AA2 /* SecondViewController.m in Sources */ = {isa = PBXBuildFile; fileRef = 1FDC3F9B16FD2E8200465AA2 /* SecondViewController.m */; };
		1FDC3FA816FD2ED600465AA2 /* MyLocation.m in Sources */ = {isa = PBXBuildFile; fileRef = 1FDC3FA616FD2ED600465AA2 /* MyLocation.m */; };
		1FDC3FD616FE220300465AA2 /* CoreLocation.framework in Frameworks */ = {isa = PBXBuildFile; fileRef = 1FDC3FD516FE220300465AA2 /* CoreLocation.framework */; };
		1FDC3FD816FE220900465AA2 /* MapKit.framework in Frameworks */ = {isa = PBXBuildFile; fileRef = 1FDC3FD716FE220900465AA2 /* MapKit.framework */; };
/* End PBXBuildFile section */

/* Begin PBXFileReference section */
		1F1E233A17007F1D00312AE3 /* user-location.png */ = {isa = PBXFileReference; lastKnownFileType = image.png; name = "user-location.png"; path = "Siivouspaiva/graphics/user-location.png"; sourceTree = "<group>"; };
		1F1E233B17007F1D00312AE3 /* user-location@2x.png */ = {isa = PBXFileReference; lastKnownFileType = image.png; name = "user-location@2x.png"; path = "Siivouspaiva/graphics/user-location@2x.png"; sourceTree = "<group>"; };
		1F1E234717009AE600312AE3 /* ThirdViewController.h */ = {isa = PBXFileReference; fileEncoding = 4; lastKnownFileType = sourcecode.c.h; path = ThirdViewController.h; sourceTree = "<group>"; };
		1F1E234817009AE600312AE3 /* ThirdViewController.m */ = {isa = PBXFileReference; fileEncoding = 4; lastKnownFileType = sourcecode.c.objc; path = ThirdViewController.m; sourceTree = "<group>"; };
		1F1E234A1700A16D00312AE3 /* CustomUITabBarController.h */ = {isa = PBXFileReference; fileEncoding = 4; lastKnownFileType = sourcecode.c.h; path = CustomUITabBarController.h; sourceTree = "<group>"; };
		1F1E234B1700A16D00312AE3 /* CustomUITabBarController.m */ = {isa = PBXFileReference; fileEncoding = 4; lastKnownFileType = sourcecode.c.objc; path = CustomUITabBarController.m; sourceTree = "<group>"; };
		1F2878B516FF478D00929E82 /* NSObject+SBJson.h */ = {isa = PBXFileReference; fileEncoding = 4; lastKnownFileType = sourcecode.c.h; name = "NSObject+SBJson.h"; path = "SupportingFiles/SBJson/NSObject+SBJson.h"; sourceTree = "<group>"; };
		1F2878B616FF478D00929E82 /* NSObject+SBJson.m */ = {isa = PBXFileReference; fileEncoding = 4; lastKnownFileType = sourcecode.c.objc; name = "NSObject+SBJson.m"; path = "SupportingFiles/SBJson/NSObject+SBJson.m"; sourceTree = "<group>"; };
		1F2878B716FF478D00929E82 /* SBJson.h */ = {isa = PBXFileReference; fileEncoding = 4; lastKnownFileType = sourcecode.c.h; name = SBJson.h; path = SupportingFiles/SBJson/SBJson.h; sourceTree = "<group>"; };
		1F2878B816FF478D00929E82 /* SBJsonParser.h */ = {isa = PBXFileReference; fileEncoding = 4; lastKnownFileType = sourcecode.c.h; name = SBJsonParser.h; path = SupportingFiles/SBJson/SBJsonParser.h; sourceTree = "<group>"; };
		1F2878B916FF478D00929E82 /* SBJsonParser.m */ = {isa = PBXFileReference; fileEncoding = 4; lastKnownFileType = sourcecode.c.objc; name = SBJsonParser.m; path = SupportingFiles/SBJson/SBJsonParser.m; sourceTree = "<group>"; };
		1F2878BA16FF478D00929E82 /* SBJsonStreamParser.h */ = {isa = PBXFileReference; fileEncoding = 4; lastKnownFileType = sourcecode.c.h; name = SBJsonStreamParser.h; path = SupportingFiles/SBJson/SBJsonStreamParser.h; sourceTree = "<group>"; };
		1F2878BB16FF478D00929E82 /* SBJsonStreamParser.m */ = {isa = PBXFileReference; fileEncoding = 4; lastKnownFileType = sourcecode.c.objc; name = SBJsonStreamParser.m; path = SupportingFiles/SBJson/SBJsonStreamParser.m; sourceTree = "<group>"; };
		1F2878BC16FF478D00929E82 /* SBJsonStreamParserAccumulator.h */ = {isa = PBXFileReference; fileEncoding = 4; lastKnownFileType = sourcecode.c.h; name = SBJsonStreamParserAccumulator.h; path = SupportingFiles/SBJson/SBJsonStreamParserAccumulator.h; sourceTree = "<group>"; };
		1F2878BD16FF478D00929E82 /* SBJsonStreamParserAccumulator.m */ = {isa = PBXFileReference; fileEncoding = 4; lastKnownFileType = sourcecode.c.objc; name = SBJsonStreamParserAccumulator.m; path = SupportingFiles/SBJson/SBJsonStreamParserAccumulator.m; sourceTree = "<group>"; };
		1F2878BE16FF478D00929E82 /* SBJsonStreamParserAdapter.h */ = {isa = PBXFileReference; fileEncoding = 4; lastKnownFileType = sourcecode.c.h; name = SBJsonStreamParserAdapter.h; path = SupportingFiles/SBJson/SBJsonStreamParserAdapter.h; sourceTree = "<group>"; };
		1F2878BF16FF478D00929E82 /* SBJsonStreamParserAdapter.m */ = {isa = PBXFileReference; fileEncoding = 4; lastKnownFileType = sourcecode.c.objc; name = SBJsonStreamParserAdapter.m; path = SupportingFiles/SBJson/SBJsonStreamParserAdapter.m; sourceTree = "<group>"; };
		1F2878C016FF478D00929E82 /* SBJsonStreamParserState.h */ = {isa = PBXFileReference; fileEncoding = 4; lastKnownFileType = sourcecode.c.h; name = SBJsonStreamParserState.h; path = SupportingFiles/SBJson/SBJsonStreamParserState.h; sourceTree = "<group>"; };
		1F2878C116FF478D00929E82 /* SBJsonStreamParserState.m */ = {isa = PBXFileReference; fileEncoding = 4; lastKnownFileType = sourcecode.c.objc; name = SBJsonStreamParserState.m; path = SupportingFiles/SBJson/SBJsonStreamParserState.m; sourceTree = "<group>"; };
		1F2878C216FF478D00929E82 /* SBJsonStreamWriter.h */ = {isa = PBXFileReference; fileEncoding = 4; lastKnownFileType = sourcecode.c.h; name = SBJsonStreamWriter.h; path = SupportingFiles/SBJson/SBJsonStreamWriter.h; sourceTree = "<group>"; };
		1F2878C316FF478D00929E82 /* SBJsonStreamWriter.m */ = {isa = PBXFileReference; fileEncoding = 4; lastKnownFileType = sourcecode.c.objc; name = SBJsonStreamWriter.m; path = SupportingFiles/SBJson/SBJsonStreamWriter.m; sourceTree = "<group>"; };
		1F2878C416FF478D00929E82 /* SBJsonStreamWriterAccumulator.h */ = {isa = PBXFileReference; fileEncoding = 4; lastKnownFileType = sourcecode.c.h; name = SBJsonStreamWriterAccumulator.h; path = SupportingFiles/SBJson/SBJsonStreamWriterAccumulator.h; sourceTree = "<group>"; };
		1F2878C516FF478D00929E82 /* SBJsonStreamWriterAccumulator.m */ = {isa = PBXFileReference; fileEncoding = 4; lastKnownFileType = sourcecode.c.objc; name = SBJsonStreamWriterAccumulator.m; path = SupportingFiles/SBJson/SBJsonStreamWriterAccumulator.m; sourceTree = "<group>"; };
		1F2878C616FF478D00929E82 /* SBJsonStreamWriterState.h */ = {isa = PBXFileReference; fileEncoding = 4; lastKnownFileType = sourcecode.c.h; name = SBJsonStreamWriterState.h; path = SupportingFiles/SBJson/SBJsonStreamWriterState.h; sourceTree = "<group>"; };
		1F2878C716FF478D00929E82 /* SBJsonStreamWriterState.m */ = {isa = PBXFileReference; fileEncoding = 4; lastKnownFileType = sourcecode.c.objc; name = SBJsonStreamWriterState.m; path = SupportingFiles/SBJson/SBJsonStreamWriterState.m; sourceTree = "<group>"; };
		1F2878C816FF478D00929E82 /* SBJsonTokeniser.h */ = {isa = PBXFileReference; fileEncoding = 4; lastKnownFileType = sourcecode.c.h; name = SBJsonTokeniser.h; path = SupportingFiles/SBJson/SBJsonTokeniser.h; sourceTree = "<group>"; };
		1F2878C916FF478D00929E82 /* SBJsonTokeniser.m */ = {isa = PBXFileReference; fileEncoding = 4; lastKnownFileType = sourcecode.c.objc; name = SBJsonTokeniser.m; path = SupportingFiles/SBJson/SBJsonTokeniser.m; sourceTree = "<group>"; };
		1F2878CA16FF478D00929E82 /* SBJsonUTF8Stream.h */ = {isa = PBXFileReference; fileEncoding = 4; lastKnownFileType = sourcecode.c.h; name = SBJsonUTF8Stream.h; path = SupportingFiles/SBJson/SBJsonUTF8Stream.h; sourceTree = "<group>"; };
		1F2878CB16FF478D00929E82 /* SBJsonUTF8Stream.m */ = {isa = PBXFileReference; fileEncoding = 4; lastKnownFileType = sourcecode.c.objc; name = SBJsonUTF8Stream.m; path = SupportingFiles/SBJson/SBJsonUTF8Stream.m; sourceTree = "<group>"; };
		1F2878CC16FF478D00929E82 /* SBJsonWriter.h */ = {isa = PBXFileReference; fileEncoding = 4; lastKnownFileType = sourcecode.c.h; name = SBJsonWriter.h; path = SupportingFiles/SBJson/SBJsonWriter.h; sourceTree = "<group>"; };
		1F2878CD16FF478D00929E82 /* SBJsonWriter.m */ = {isa = PBXFileReference; fileEncoding = 4; lastKnownFileType = sourcecode.c.objc; name = SBJsonWriter.m; path = SupportingFiles/SBJson/SBJsonWriter.m; sourceTree = "<group>"; };
		1F5677D61700C0A000180A39 /* navigation-controller.png */ = {isa = PBXFileReference; lastKnownFileType = image.png; name = "navigation-controller.png"; path = "Siivouspaiva/graphics/navigation-controller.png"; sourceTree = "<group>"; };
		1F5677D71700C0A000180A39 /* navigation-controller@2x.png */ = {isa = PBXFileReference; lastKnownFileType = image.png; name = "navigation-controller@2x.png"; path = "Siivouspaiva/graphics/navigation-controller@2x.png"; sourceTree = "<group>"; };
		1F5677DA1700C26D00180A39 /* empty.png */ = {isa = PBXFileReference; lastKnownFileType = image.png; name = empty.png; path = Siivouspaiva/graphics/empty.png; sourceTree = "<group>"; };
		1F5677EC1700CE0800180A39 /* tabicon-info.png */ = {isa = PBXFileReference; lastKnownFileType = image.png; name = "tabicon-info.png"; path = "Siivouspaiva/graphics/tabicon-info.png"; sourceTree = "<group>"; };
		1F5677ED1700CE0800180A39 /* tabicon-info@2x.png */ = {isa = PBXFileReference; lastKnownFileType = image.png; name = "tabicon-info@2x.png"; path = "Siivouspaiva/graphics/tabicon-info@2x.png"; sourceTree = "<group>"; };
		1F5677EE1700CE0800180A39 /* tabicon-list-active.png */ = {isa = PBXFileReference; lastKnownFileType = image.png; name = "tabicon-list-active.png"; path = "Siivouspaiva/graphics/tabicon-list-active.png"; sourceTree = "<group>"; };
		1F5677EF1700CE0800180A39 /* tabicon-list-active@2x.png */ = {isa = PBXFileReference; lastKnownFileType = image.png; name = "tabicon-list-active@2x.png"; path = "Siivouspaiva/graphics/tabicon-list-active@2x.png"; sourceTree = "<group>"; };
		1F5677F01700CE0800180A39 /* tabicon-list.png */ = {isa = PBXFileReference; lastKnownFileType = image.png; name = "tabicon-list.png"; path = "Siivouspaiva/graphics/tabicon-list.png"; sourceTree = "<group>"; };
		1F5677F11700CE0800180A39 /* tabicon-list@2x.png */ = {isa = PBXFileReference; lastKnownFileType = image.png; name = "tabicon-list@2x.png"; path = "Siivouspaiva/graphics/tabicon-list@2x.png"; sourceTree = "<group>"; };
		1F5677F21700CE0800180A39 /* tabicon-map-active.png */ = {isa = PBXFileReference; lastKnownFileType = image.png; name = "tabicon-map-active.png"; path = "Siivouspaiva/graphics/tabicon-map-active.png"; sourceTree = "<group>"; };
		1F5677F31700CE0800180A39 /* tabicon-map-active@2x.png */ = {isa = PBXFileReference; lastKnownFileType = image.png; name = "tabicon-map-active@2x.png"; path = "Siivouspaiva/graphics/tabicon-map-active@2x.png"; sourceTree = "<group>"; };
		1F5677F41700CE0800180A39 /* tabicon-map.png */ = {isa = PBXFileReference; lastKnownFileType = image.png; name = "tabicon-map.png"; path = "Siivouspaiva/graphics/tabicon-map.png"; sourceTree = "<group>"; };
		1F5677F51700CE0800180A39 /* tabicon-map@2x.png */ = {isa = PBXFileReference; lastKnownFileType = image.png; name = "tabicon-map@2x.png"; path = "Siivouspaiva/graphics/tabicon-map@2x.png"; sourceTree = "<group>"; };
		1F5677F61700CE0800180A39 /* tabicon-star-active.png */ = {isa = PBXFileReference; lastKnownFileType = image.png; name = "tabicon-star-active.png"; path = "Siivouspaiva/graphics/tabicon-star-active.png"; sourceTree = "<group>"; };
		1F5677F71700CE0800180A39 /* tabicon-star-active@2x.png */ = {isa = PBXFileReference; lastKnownFileType = image.png; name = "tabicon-star-active@2x.png"; path = "Siivouspaiva/graphics/tabicon-star-active@2x.png"; sourceTree = "<group>"; };
		1F5677F81700CE0800180A39 /* tabicon-star.png */ = {isa = PBXFileReference; lastKnownFileType = image.png; name = "tabicon-star.png"; path = "Siivouspaiva/graphics/tabicon-star.png"; sourceTree = "<group>"; };
		1F5677F91700CE0800180A39 /* tabicon-star@2x.png */ = {isa = PBXFileReference; lastKnownFileType = image.png; name = "tabicon-star@2x.png"; path = "Siivouspaiva/graphics/tabicon-star@2x.png"; sourceTree = "<group>"; };
		1F5678081700CED200180A39 /* tabicon-info-active.png */ = {isa = PBXFileReference; lastKnownFileType = image.png; name = "tabicon-info-active.png"; path = "Siivouspaiva/graphics/tabicon-info-active.png"; sourceTree = "<group>"; };
		1F5678091700CED200180A39 /* tabicon-info-active@2x.png */ = {isa = PBXFileReference; lastKnownFileType = image.png; name = "tabicon-info-active@2x.png"; path = "Siivouspaiva/graphics/tabicon-info-active@2x.png"; sourceTree = "<group>"; };
		1F56780C1700D56200180A39 /* map-marker.png */ = {isa = PBXFileReference; lastKnownFileType = image.png; name = "map-marker.png"; path = "Siivouspaiva/graphics/map-marker.png"; sourceTree = "<group>"; };
		1F56780D1700D56200180A39 /* map-marker@2x.png */ = {isa = PBXFileReference; lastKnownFileType = image.png; name = "map-marker@2x.png"; path = "Siivouspaiva/graphics/map-marker@2x.png"; sourceTree = "<group>"; };
		1F5678101700DAE200180A39 /* locate.png */ = {isa = PBXFileReference; lastKnownFileType = image.png; name = locate.png; path = Siivouspaiva/graphics/locate.png; sourceTree = "<group>"; };
		1F5678111700DAE200180A39 /* locate@2x.png */ = {isa = PBXFileReference; lastKnownFileType = image.png; name = "locate@2x.png"; path = "Siivouspaiva/graphics/locate@2x.png"; sourceTree = "<group>"; };
		1F5678121700DAE200180A39 /* reload.png */ = {isa = PBXFileReference; lastKnownFileType = image.png; name = reload.png; path = Siivouspaiva/graphics/reload.png; sourceTree = "<group>"; };
		1F5678131700DAE200180A39 /* reload@2x.png */ = {isa = PBXFileReference; lastKnownFileType = image.png; name = "reload@2x.png"; path = "Siivouspaiva/graphics/reload@2x.png"; sourceTree = "<group>"; };
		1F5678181700E05F00180A39 /* siivouspaiva-logo.png */ = {isa = PBXFileReference; lastKnownFileType = image.png; name = "siivouspaiva-logo.png"; path = "Siivouspaiva/graphics/siivouspaiva-logo.png"; sourceTree = "<group>"; };
		1F5678191700E05F00180A39 /* siivouspaiva-logo@2x.png */ = {isa = PBXFileReference; lastKnownFileType = image.png; name = "siivouspaiva-logo@2x.png"; path = "Siivouspaiva/graphics/siivouspaiva-logo@2x.png"; sourceTree = "<group>"; };
		1FB3CC5416FE48170020026A /* Default-568h@2x.png */ = {isa = PBXFileReference; lastKnownFileType = image.png; name = "Default-568h@2x.png"; path = "Siivouspaiva/graphics/Default-568h@2x.png"; sourceTree = "<group>"; };
		1FB3CC5516FE48170020026A /* Default.png */ = {isa = PBXFileReference; lastKnownFileType = image.png; name = Default.png; path = Siivouspaiva/graphics/Default.png; sourceTree = "<group>"; };
		1FB3CC5616FE48170020026A /* Default@2x.png */ = {isa = PBXFileReference; lastKnownFileType = image.png; name = "Default@2x.png"; path = "Siivouspaiva/graphics/Default@2x.png"; sourceTree = "<group>"; };
		1FDC3F7516FD2E8100465AA2 /* Siivouspaiva.app */ = {isa = PBXFileReference; explicitFileType = wrapper.application; includeInIndex = 0; path = Siivouspaiva.app; sourceTree = BUILT_PRODUCTS_DIR; };
		1FDC3F7816FD2E8100465AA2 /* UIKit.framework */ = {isa = PBXFileReference; lastKnownFileType = wrapper.framework; name = UIKit.framework; path = System/Library/Frameworks/UIKit.framework; sourceTree = SDKROOT; };
		1FDC3F7A16FD2E8100465AA2 /* Foundation.framework */ = {isa = PBXFileReference; lastKnownFileType = wrapper.framework; name = Foundation.framework; path = System/Library/Frameworks/Foundation.framework; sourceTree = SDKROOT; };
		1FDC3F7C16FD2E8100465AA2 /* CoreGraphics.framework */ = {isa = PBXFileReference; lastKnownFileType = wrapper.framework; name = CoreGraphics.framework; path = System/Library/Frameworks/CoreGraphics.framework; sourceTree = SDKROOT; };
		1FDC3F8016FD2E8100465AA2 /* Siivouspaiva-Info.plist */ = {isa = PBXFileReference; lastKnownFileType = text.plist.xml; path = "Siivouspaiva-Info.plist"; sourceTree = "<group>"; };
		1FDC3F8216FD2E8100465AA2 /* en */ = {isa = PBXFileReference; lastKnownFileType = text.plist.strings; name = en; path = en.lproj/InfoPlist.strings; sourceTree = "<group>"; };
		1FDC3F8416FD2E8100465AA2 /* main.m */ = {isa = PBXFileReference; lastKnownFileType = sourcecode.c.objc; path = main.m; sourceTree = "<group>"; };
		1FDC3F8616FD2E8100465AA2 /* Siivouspaiva-Prefix.pch */ = {isa = PBXFileReference; lastKnownFileType = sourcecode.c.h; path = "Siivouspaiva-Prefix.pch"; sourceTree = "<group>"; };
		1FDC3F8716FD2E8100465AA2 /* AppDelegate.h */ = {isa = PBXFileReference; lastKnownFileType = sourcecode.c.h; path = AppDelegate.h; sourceTree = "<group>"; };
		1FDC3F8816FD2E8100465AA2 /* AppDelegate.m */ = {isa = PBXFileReference; lastKnownFileType = sourcecode.c.objc; path = AppDelegate.m; sourceTree = "<group>"; };
		1FDC3F9116FD2E8200465AA2 /* en */ = {isa = PBXFileReference; lastKnownFileType = file.storyboard; name = en; path = en.lproj/MainStoryboard.storyboard; sourceTree = "<group>"; };
		1FDC3F9316FD2E8200465AA2 /* FirstViewController.h */ = {isa = PBXFileReference; lastKnownFileType = sourcecode.c.h; path = FirstViewController.h; sourceTree = "<group>"; };
		1FDC3F9416FD2E8200465AA2 /* FirstViewController.m */ = {isa = PBXFileReference; lastKnownFileType = sourcecode.c.objc; path = FirstViewController.m; sourceTree = "<group>"; };
		1FDC3F9A16FD2E8200465AA2 /* SecondViewController.h */ = {isa = PBXFileReference; lastKnownFileType = sourcecode.c.h; path = SecondViewController.h; sourceTree = "<group>"; };
		1FDC3F9B16FD2E8200465AA2 /* SecondViewController.m */ = {isa = PBXFileReference; lastKnownFileType = sourcecode.c.objc; path = SecondViewController.m; sourceTree = "<group>"; };
		1FDC3FA616FD2ED600465AA2 /* MyLocation.m */ = {isa = PBXFileReference; fileEncoding = 4; lastKnownFileType = sourcecode.c.objc; path = MyLocation.m; sourceTree = "<group>"; };
		1FDC3FA716FD2ED600465AA2 /* MyLocation.h */ = {isa = PBXFileReference; fileEncoding = 4; lastKnownFileType = sourcecode.c.h; path = MyLocation.h; sourceTree = "<group>"; };
		1FDC3FD516FE220300465AA2 /* CoreLocation.framework */ = {isa = PBXFileReference; lastKnownFileType = wrapper.framework; name = CoreLocation.framework; path = System/Library/Frameworks/CoreLocation.framework; sourceTree = SDKROOT; };
		1FDC3FD716FE220900465AA2 /* MapKit.framework */ = {isa = PBXFileReference; lastKnownFileType = wrapper.framework; name = MapKit.framework; path = System/Library/Frameworks/MapKit.framework; sourceTree = SDKROOT; };
/* End PBXFileReference section */

/* Begin PBXFrameworksBuildPhase section */
		1FDC3F7216FD2E8100465AA2 /* Frameworks */ = {
			isa = PBXFrameworksBuildPhase;
			buildActionMask = 2147483647;
			files = (
				1FDC3FD816FE220900465AA2 /* MapKit.framework in Frameworks */,
				1FDC3FD616FE220300465AA2 /* CoreLocation.framework in Frameworks */,
				1FDC3F7916FD2E8100465AA2 /* UIKit.framework in Frameworks */,
				1FDC3F7B16FD2E8100465AA2 /* Foundation.framework in Frameworks */,
				1FDC3F7D16FD2E8100465AA2 /* CoreGraphics.framework in Frameworks */,
			);
			runOnlyForDeploymentPostprocessing = 0;
		};
/* End PBXFrameworksBuildPhase section */

/* Begin PBXGroup section */
		1FB3CC5316FE47BE0020026A /* Graphics */ = {
			isa = PBXGroup;
			children = (
				1F5678181700E05F00180A39 /* siivouspaiva-logo.png */,
				1F5678191700E05F00180A39 /* siivouspaiva-logo@2x.png */,
				1F5678101700DAE200180A39 /* locate.png */,
				1F5678111700DAE200180A39 /* locate@2x.png */,
				1F5678121700DAE200180A39 /* reload.png */,
				1F5678131700DAE200180A39 /* reload@2x.png */,
				1F56780C1700D56200180A39 /* map-marker.png */,
				1F56780D1700D56200180A39 /* map-marker@2x.png */,
				1F5677D61700C0A000180A39 /* navigation-controller.png */,
				1F5677D71700C0A000180A39 /* navigation-controller@2x.png */,
				1F1E233A17007F1D00312AE3 /* user-location.png */,
				1F1E233B17007F1D00312AE3 /* user-location@2x.png */,
				1FB3CC5416FE48170020026A /* Default-568h@2x.png */,
				1FB3CC5516FE48170020026A /* Default.png */,
				1FB3CC5616FE48170020026A /* Default@2x.png */,
				1F5677DA1700C26D00180A39 /* empty.png */,
				1F5678081700CED200180A39 /* tabicon-info-active.png */,
				1F5678091700CED200180A39 /* tabicon-info-active@2x.png */,
				1F5677EC1700CE0800180A39 /* tabicon-info.png */,
				1F5677ED1700CE0800180A39 /* tabicon-info@2x.png */,
				1F5677EE1700CE0800180A39 /* tabicon-list-active.png */,
				1F5677EF1700CE0800180A39 /* tabicon-list-active@2x.png */,
				1F5677F01700CE0800180A39 /* tabicon-list.png */,
				1F5677F11700CE0800180A39 /* tabicon-list@2x.png */,
				1F5677F21700CE0800180A39 /* tabicon-map-active.png */,
				1F5677F31700CE0800180A39 /* tabicon-map-active@2x.png */,
				1F5677F41700CE0800180A39 /* tabicon-map.png */,
				1F5677F51700CE0800180A39 /* tabicon-map@2x.png */,
				1F5677F61700CE0800180A39 /* tabicon-star-active.png */,
				1F5677F71700CE0800180A39 /* tabicon-star-active@2x.png */,
				1F5677F81700CE0800180A39 /* tabicon-star.png */,
				1F5677F91700CE0800180A39 /* tabicon-star@2x.png */,
			);
			name = Graphics;
			path = ..;
			sourceTree = "<group>";
		};
		1FDC3F6C16FD2E8100465AA2 = {
			isa = PBXGroup;
			children = (
				1FDC3FD716FE220900465AA2 /* MapKit.framework */,
				1FDC3FD516FE220300465AA2 /* CoreLocation.framework */,
				1FDC3F7E16FD2E8100465AA2 /* Siivouspaiva */,
				1FDC3F7716FD2E8100465AA2 /* Frameworks */,
				1FDC3F7616FD2E8100465AA2 /* Products */,
			);
			sourceTree = "<group>";
		};
		1FDC3F7616FD2E8100465AA2 /* Products */ = {
			isa = PBXGroup;
			children = (
				1FDC3F7516FD2E8100465AA2 /* Siivouspaiva.app */,
			);
			name = Products;
			sourceTree = "<group>";
		};
		1FDC3F7716FD2E8100465AA2 /* Frameworks */ = {
			isa = PBXGroup;
			children = (
				1FDC3F7816FD2E8100465AA2 /* UIKit.framework */,
				1FDC3F7A16FD2E8100465AA2 /* Foundation.framework */,
				1FDC3F7C16FD2E8100465AA2 /* CoreGraphics.framework */,
			);
			name = Frameworks;
			sourceTree = "<group>";
		};
		1FDC3F7E16FD2E8100465AA2 /* Siivouspaiva */ = {
			isa = PBXGroup;
			children = (
				1FB3CC5316FE47BE0020026A /* Graphics */,
				1FDC3F8716FD2E8100465AA2 /* AppDelegate.h */,
				1FDC3F8816FD2E8100465AA2 /* AppDelegate.m */,
				1FDC3F9016FD2E8200465AA2 /* MainStoryboard.storyboard */,
				1F1E234A1700A16D00312AE3 /* CustomUITabBarController.h */,
				1F1E234B1700A16D00312AE3 /* CustomUITabBarController.m */,
				1FDC3F9316FD2E8200465AA2 /* FirstViewController.h */,
				1FDC3F9416FD2E8200465AA2 /* FirstViewController.m */,
				1FDC3F9A16FD2E8200465AA2 /* SecondViewController.h */,
				1FDC3F9B16FD2E8200465AA2 /* SecondViewController.m */,
				1FDC3FA616FD2ED600465AA2 /* MyLocation.m */,
				1FDC3FA716FD2ED600465AA2 /* MyLocation.h */,
				1F1E234717009AE600312AE3 /* ThirdViewController.h */,
				1F1E234817009AE600312AE3 /* ThirdViewController.m */,
				1FDC3F7F16FD2E8100465AA2 /* Supporting Files */,
			);
			path = Siivouspaiva;
			sourceTree = "<group>";
		};
		1FDC3F7F16FD2E8100465AA2 /* Supporting Files */ = {
			isa = PBXGroup;
			children = (
				1FDC3FA916FD2EFF00465AA2 /* SBJson */,
				1FDC3F8016FD2E8100465AA2 /* Siivouspaiva-Info.plist */,
				1FDC3F8116FD2E8100465AA2 /* InfoPlist.strings */,
				1FDC3F8416FD2E8100465AA2 /* main.m */,
				1FDC3F8616FD2E8100465AA2 /* Siivouspaiva-Prefix.pch */,
			);
			name = "Supporting Files";
			sourceTree = "<group>";
		};
		1FDC3FA916FD2EFF00465AA2 /* SBJson */ = {
			isa = PBXGroup;
			children = (
				1F2878B516FF478D00929E82 /* NSObject+SBJson.h */,
				1F2878B616FF478D00929E82 /* NSObject+SBJson.m */,
				1F2878B716FF478D00929E82 /* SBJson.h */,
				1F2878B816FF478D00929E82 /* SBJsonParser.h */,
				1F2878B916FF478D00929E82 /* SBJsonParser.m */,
				1F2878BA16FF478D00929E82 /* SBJsonStreamParser.h */,
				1F2878BB16FF478D00929E82 /* SBJsonStreamParser.m */,
				1F2878BC16FF478D00929E82 /* SBJsonStreamParserAccumulator.h */,
				1F2878BD16FF478D00929E82 /* SBJsonStreamParserAccumulator.m */,
				1F2878BE16FF478D00929E82 /* SBJsonStreamParserAdapter.h */,
				1F2878BF16FF478D00929E82 /* SBJsonStreamParserAdapter.m */,
				1F2878C016FF478D00929E82 /* SBJsonStreamParserState.h */,
				1F2878C116FF478D00929E82 /* SBJsonStreamParserState.m */,
				1F2878C216FF478D00929E82 /* SBJsonStreamWriter.h */,
				1F2878C316FF478D00929E82 /* SBJsonStreamWriter.m */,
				1F2878C416FF478D00929E82 /* SBJsonStreamWriterAccumulator.h */,
				1F2878C516FF478D00929E82 /* SBJsonStreamWriterAccumulator.m */,
				1F2878C616FF478D00929E82 /* SBJsonStreamWriterState.h */,
				1F2878C716FF478D00929E82 /* SBJsonStreamWriterState.m */,
				1F2878C816FF478D00929E82 /* SBJsonTokeniser.h */,
				1F2878C916FF478D00929E82 /* SBJsonTokeniser.m */,
				1F2878CA16FF478D00929E82 /* SBJsonUTF8Stream.h */,
				1F2878CB16FF478D00929E82 /* SBJsonUTF8Stream.m */,
				1F2878CC16FF478D00929E82 /* SBJsonWriter.h */,
				1F2878CD16FF478D00929E82 /* SBJsonWriter.m */,
			);
			name = SBJson;
			sourceTree = "<group>";
		};
/* End PBXGroup section */

/* Begin PBXNativeTarget section */
		1FDC3F7416FD2E8100465AA2 /* Siivouspaiva */ = {
			isa = PBXNativeTarget;
			buildConfigurationList = 1FDC3FA316FD2E8200465AA2 /* Build configuration list for PBXNativeTarget "Siivouspaiva" */;
			buildPhases = (
				1FDC3F7116FD2E8100465AA2 /* Sources */,
				1FDC3F7216FD2E8100465AA2 /* Frameworks */,
				1FDC3F7316FD2E8100465AA2 /* Resources */,
			);
			buildRules = (
			);
			dependencies = (
			);
			name = Siivouspaiva;
			productName = Siivouspaiva;
			productReference = 1FDC3F7516FD2E8100465AA2 /* Siivouspaiva.app */;
			productType = "com.apple.product-type.application";
		};
/* End PBXNativeTarget section */

/* Begin PBXProject section */
		1FDC3F6D16FD2E8100465AA2 /* Project object */ = {
			isa = PBXProject;
			attributes = {
				LastUpgradeCheck = 0460;
				ORGANIZATIONNAME = Fabian;
			};
			buildConfigurationList = 1FDC3F7016FD2E8100465AA2 /* Build configuration list for PBXProject "Siivouspaiva" */;
			compatibilityVersion = "Xcode 3.2";
			developmentRegion = English;
			hasScannedForEncodings = 0;
			knownRegions = (
				en,
			);
			mainGroup = 1FDC3F6C16FD2E8100465AA2;
			productRefGroup = 1FDC3F7616FD2E8100465AA2 /* Products */;
			projectDirPath = "";
			projectRoot = "";
			targets = (
				1FDC3F7416FD2E8100465AA2 /* Siivouspaiva */,
			);
		};
/* End PBXProject section */

/* Begin PBXResourcesBuildPhase section */
		1FDC3F7316FD2E8100465AA2 /* Resources */ = {
			isa = PBXResourcesBuildPhase;
			buildActionMask = 2147483647;
			files = (
				1FDC3F8316FD2E8100465AA2 /* InfoPlist.strings in Resources */,
				1FDC3F9216FD2E8200465AA2 /* MainStoryboard.storyboard in Resources */,
				1FB3CC5716FE48170020026A /* Default-568h@2x.png in Resources */,
				1FB3CC5816FE48170020026A /* Default.png in Resources */,
				1FB3CC5916FE48170020026A /* Default@2x.png in Resources */,
				1F1E233C17007F1D00312AE3 /* user-location.png in Resources */,
				1F1E233D17007F1D00312AE3 /* user-location@2x.png in Resources */,
				1F5677D81700C0A000180A39 /* navigation-controller.png in Resources */,
				1F5677D91700C0A000180A39 /* navigation-controller@2x.png in Resources */,
				1F5677DB1700C26D00180A39 /* empty.png in Resources */,
				1F5677FA1700CE0800180A39 /* tabicon-info.png in Resources */,
				1F5677FB1700CE0800180A39 /* tabicon-info@2x.png in Resources */,
				1F5677FC1700CE0800180A39 /* tabicon-list-active.png in Resources */,
				1F5677FD1700CE0800180A39 /* tabicon-list-active@2x.png in Resources */,
				1F5677FE1700CE0800180A39 /* tabicon-list.png in Resources */,
				1F5677FF1700CE0800180A39 /* tabicon-list@2x.png in Resources */,
				1F5678001700CE0800180A39 /* tabicon-map-active.png in Resources */,
				1F5678011700CE0800180A39 /* tabicon-map-active@2x.png in Resources */,
				1F5678021700CE0800180A39 /* tabicon-map.png in Resources */,
				1F5678031700CE0800180A39 /* tabicon-map@2x.png in Resources */,
				1F5678041700CE0800180A39 /* tabicon-star-active.png in Resources */,
				1F5678051700CE0800180A39 /* tabicon-star-active@2x.png in Resources */,
				1F5678061700CE0800180A39 /* tabicon-star.png in Resources */,
				1F5678071700CE0800180A39 /* tabicon-star@2x.png in Resources */,
				1F56780A1700CED200180A39 /* tabicon-info-active.png in Resources */,
				1F56780B1700CED200180A39 /* tabicon-info-active@2x.png in Resources */,
				1F56780E1700D56200180A39 /* map-marker.png in Resources */,
				1F56780F1700D56200180A39 /* map-marker@2x.png in Resources */,
				1F5678141700DAE200180A39 /* locate.png in Resources */,
				1F5678151700DAE200180A39 /* locate@2x.png in Resources */,
				1F5678161700DAE200180A39 /* reload.png in Resources */,
				1F5678171700DAE200180A39 /* reload@2x.png in Resources */,
				1F56781A1700E05F00180A39 /* siivouspaiva-logo.png in Resources */,
				1F56781B1700E05F00180A39 /* siivouspaiva-logo@2x.png in Resources */,
			);
			runOnlyForDeploymentPostprocessing = 0;
		};
/* End PBXResourcesBuildPhase section */

/* Begin PBXSourcesBuildPhase section */
		1FDC3F7116FD2E8100465AA2 /* Sources */ = {
			isa = PBXSourcesBuildPhase;
			buildActionMask = 2147483647;
			files = (
				1FDC3F8516FD2E8100465AA2 /* main.m in Sources */,
				1FDC3F8916FD2E8100465AA2 /* AppDelegate.m in Sources */,
				1FDC3F9516FD2E8200465AA2 /* FirstViewController.m in Sources */,
				1FDC3F9C16FD2E8200465AA2 /* SecondViewController.m in Sources */,
				1FDC3FA816FD2ED600465AA2 /* MyLocation.m in Sources */,
				1F2878CE16FF478D00929E82 /* NSObject+SBJson.m in Sources */,
				1F2878CF16FF478D00929E82 /* SBJsonParser.m in Sources */,
				1F2878D016FF478D00929E82 /* SBJsonStreamParser.m in Sources */,
				1F2878D116FF478D00929E82 /* SBJsonStreamParserAccumulator.m in Sources */,
				1F2878D216FF478D00929E82 /* SBJsonStreamParserAdapter.m in Sources */,
				1F2878D316FF478D00929E82 /* SBJsonStreamParserState.m in Sources */,
				1F2878D416FF478D00929E82 /* SBJsonStreamWriter.m in Sources */,
				1F2878D516FF478D00929E82 /* SBJsonStreamWriterAccumulator.m in Sources */,
				1F2878D616FF478D00929E82 /* SBJsonStreamWriterState.m in Sources */,
				1F2878D716FF478D00929E82 /* SBJsonTokeniser.m in Sources */,
				1F2878D816FF478D00929E82 /* SBJsonUTF8Stream.m in Sources */,
				1F2878D916FF478D00929E82 /* SBJsonWriter.m in Sources */,
				1F1E234917009AE600312AE3 /* ThirdViewController.m in Sources */,
				1F1E234C1700A16D00312AE3 /* CustomUITabBarController.m in Sources */,
			);
			runOnlyForDeploymentPostprocessing = 0;
		};
/* End PBXSourcesBuildPhase section */

/* Begin PBXVariantGroup section */
		1FDC3F8116FD2E8100465AA2 /* InfoPlist.strings */ = {
			isa = PBXVariantGroup;
			children = (
				1FDC3F8216FD2E8100465AA2 /* en */,
			);
			name = InfoPlist.strings;
			sourceTree = "<group>";
		};
		1FDC3F9016FD2E8200465AA2 /* MainStoryboard.storyboard */ = {
			isa = PBXVariantGroup;
			children = (
				1FDC3F9116FD2E8200465AA2 /* en */,
			);
			name = MainStoryboard.storyboard;
			sourceTree = "<group>";
		};
/* End PBXVariantGroup section */

/* Begin XCBuildConfiguration section */
		1FDC3FA116FD2E8200465AA2 /* Debug */ = {
			isa = XCBuildConfiguration;
			buildSettings = {
				ALWAYS_SEARCH_USER_PATHS = NO;
				CLANG_CXX_LANGUAGE_STANDARD = "gnu++0x";
				CLANG_CXX_LIBRARY = "libc++";
				CLANG_ENABLE_OBJC_ARC = YES;
				CLANG_WARN_CONSTANT_CONVERSION = YES;
				CLANG_WARN_EMPTY_BODY = YES;
				CLANG_WARN_ENUM_CONVERSION = YES;
				CLANG_WARN_INT_CONVERSION = YES;
				CLANG_WARN__DUPLICATE_METHOD_MATCH = YES;
				"CODE_SIGN_IDENTITY[sdk=iphoneos*]" = "iPhone Developer";
				COPY_PHASE_STRIP = NO;
				GCC_C_LANGUAGE_STANDARD = gnu99;
				GCC_DYNAMIC_NO_PIC = NO;
				GCC_OPTIMIZATION_LEVEL = 0;
				GCC_PREPROCESSOR_DEFINITIONS = (
					"DEBUG=1",
					"$(inherited)",
				);
				GCC_SYMBOLS_PRIVATE_EXTERN = NO;
				GCC_WARN_ABOUT_RETURN_TYPE = YES;
				GCC_WARN_UNINITIALIZED_AUTOS = YES;
				GCC_WARN_UNUSED_VARIABLE = YES;
				IPHONEOS_DEPLOYMENT_TARGET = 6.1;
				ONLY_ACTIVE_ARCH = YES;
				SDKROOT = iphoneos;
			};
			name = Debug;
		};
		1FDC3FA216FD2E8200465AA2 /* Release */ = {
			isa = XCBuildConfiguration;
			buildSettings = {
				ALWAYS_SEARCH_USER_PATHS = NO;
				CLANG_CXX_LANGUAGE_STANDARD = "gnu++0x";
				CLANG_CXX_LIBRARY = "libc++";
				CLANG_ENABLE_OBJC_ARC = YES;
				CLANG_WARN_CONSTANT_CONVERSION = YES;
				CLANG_WARN_EMPTY_BODY = YES;
				CLANG_WARN_ENUM_CONVERSION = YES;
				CLANG_WARN_INT_CONVERSION = YES;
				CLANG_WARN__DUPLICATE_METHOD_MATCH = YES;
				"CODE_SIGN_IDENTITY[sdk=iphoneos*]" = "iPhone Developer";
				COPY_PHASE_STRIP = YES;
				GCC_C_LANGUAGE_STANDARD = gnu99;
				GCC_WARN_ABOUT_RETURN_TYPE = YES;
				GCC_WARN_UNINITIALIZED_AUTOS = YES;
				GCC_WARN_UNUSED_VARIABLE = YES;
				IPHONEOS_DEPLOYMENT_TARGET = 6.1;
				OTHER_CFLAGS = "-DNS_BLOCK_ASSERTIONS=1";
				SDKROOT = iphoneos;
				VALIDATE_PRODUCT = YES;
			};
			name = Release;
		};
		1FDC3FA416FD2E8200465AA2 /* Debug */ = {
			isa = XCBuildConfiguration;
			buildSettings = {
				GCC_PRECOMPILE_PREFIX_HEADER = YES;
				GCC_PREFIX_HEADER = "Siivouspaiva/Siivouspaiva-Prefix.pch";
				INFOPLIST_FILE = "Siivouspaiva/Siivouspaiva-Info.plist";
				PRODUCT_NAME = "$(TARGET_NAME)";
				WRAPPER_EXTENSION = app;
			};
			name = Debug;
		};
		1FDC3FA516FD2E8200465AA2 /* Release */ = {
			isa = XCBuildConfiguration;
			buildSettings = {
				GCC_PRECOMPILE_PREFIX_HEADER = YES;
				GCC_PREFIX_HEADER = "Siivouspaiva/Siivouspaiva-Prefix.pch";
				INFOPLIST_FILE = "Siivouspaiva/Siivouspaiva-Info.plist";
				PRODUCT_NAME = "$(TARGET_NAME)";
				WRAPPER_EXTENSION = app;
			};
			name = Release;
		};
/* End XCBuildConfiguration section */

/* Begin XCConfigurationList section */
		1FDC3F7016FD2E8100465AA2 /* Build configuration list for PBXProject "Siivouspaiva" */ = {
			isa = XCConfigurationList;
			buildConfigurations = (
				1FDC3FA116FD2E8200465AA2 /* Debug */,
				1FDC3FA216FD2E8200465AA2 /* Release */,
			);
			defaultConfigurationIsVisible = 0;
			defaultConfigurationName = Release;
		};
		1FDC3FA316FD2E8200465AA2 /* Build configuration list for PBXNativeTarget "Siivouspaiva" */ = {
			isa = XCConfigurationList;
			buildConfigurations = (
				1FDC3FA416FD2E8200465AA2 /* Debug */,
				1FDC3FA516FD2E8200465AA2 /* Release */,
			);
			defaultConfigurationIsVisible = 0;
			defaultConfigurationName = Release;
		};
/* End XCConfigurationList section */
	};
	rootObject = 1FDC3F6D16FD2E8100465AA2 /* Project object */;
}
